// !$*UTF8*$!
{
	archiveVersion = 1;
	classes = {
	};
	objectVersion = 46;
	objects = {

/* Begin PBXBuildFile section */
		A170EE641A1A68DB003650FE /* FCPublishRootVCCustomCollectionViewCell.swift in Sources */ = {isa = PBXBuildFile; fileRef = A170EE631A1A68DB003650FE /* FCPublishRootVCCustomCollectionViewCell.swift */; };
		A1EEEFB91A2332C70086BFB7 /* FCDeviceData.swift in Sources */ = {isa = PBXBuildFile; fileRef = A1EEEFB81A2332C70086BFB7 /* FCDeviceData.swift */; };
		A42DC1B7330EF75488324DE5 /* libPods.a in Frameworks */ = {isa = PBXBuildFile; fileRef = 4C0F0BBFA42B094D8A074F35 /* libPods.a */; };
		E4030A721A63DD92005D224E /* FCPublishPhotoEditorVC.swift in Sources */ = {isa = PBXBuildFile; fileRef = E4030A711A63DD92005D224E /* FCPublishPhotoEditorVC.swift */; };
		E4030A741A63DFC9005D224E /* FCPublicationTypeOfPublicationEditorVC.swift in Sources */ = {isa = PBXBuildFile; fileRef = E4030A731A63DFC9005D224E /* FCPublicationTypeOfPublicationEditorVC.swift */; };
		E40BD4FB1A5819D900BB2F98 /* FCPublicationDetailsTVReportsCell.swift in Sources */ = {isa = PBXBuildFile; fileRef = E40BD4FA1A5819D900BB2F98 /* FCPublicationDetailsTVReportsCell.swift */; };
		E4214E6C1A63E0860070332D /* FCPublishDateEditorVC.swift in Sources */ = {isa = PBXBuildFile; fileRef = E4214E6B1A63E0860070332D /* FCPublishDateEditorVC.swift */; };
		E4214E6E1A63E0CF0070332D /* FCPublishAddressEditorVC.swift in Sources */ = {isa = PBXBuildFile; fileRef = E4214E6D1A63E0CF0070332D /* FCPublishAddressEditorVC.swift */; };
		E4214E701A63E1020070332D /* FCPublishStringFieldsEditorVC.swift in Sources */ = {isa = PBXBuildFile; fileRef = E4214E6F1A63E1020070332D /* FCPublishStringFieldsEditorVC.swift */; };
		E426AD331A5A682B006F609C /* FCPublicationSingleReportCell.swift in Sources */ = {isa = PBXBuildFile; fileRef = E426AD321A5A682B006F609C /* FCPublicationSingleReportCell.swift */; };
		E42C9E1F1A556C16000E0FB1 /* FCPublicationDetailsTVC.swift in Sources */ = {isa = PBXBuildFile; fileRef = E42C9E1E1A556C16000E0FB1 /* FCPublicationDetailsTVC.swift */; };
		E42C9E211A556C3E000E0FB1 /* FCPublicationsDetailsTVTitleCell.swift in Sources */ = {isa = PBXBuildFile; fileRef = E42C9E201A556C3E000E0FB1 /* FCPublicationsDetailsTVTitleCell.swift */; };
		E42C9E231A55D311000E0FB1 /* FCIconFactory.swift in Sources */ = {isa = PBXBuildFile; fileRef = E42C9E221A55D311000E0FB1 /* FCIconFactory.swift */; };
		E42ED5751A8B682C008FB618 /* DataUpdater.swift in Sources */ = {isa = PBXBuildFile; fileRef = E42ED5741A8B682C008FB618 /* DataUpdater.swift */; };
		E42ED5771A8BD007008FB618 /* FCModel+NewData.swift in Sources */ = {isa = PBXBuildFile; fileRef = E42ED5761A8BD007008FB618 /* FCModel+NewData.swift */; };
		E42ED5791A8BD175008FB618 /* FCModel+LocationManager.swift in Sources */ = {isa = PBXBuildFile; fileRef = E42ED5781A8BD175008FB618 /* FCModel+LocationManager.swift */; };
		E42ED57B1A8BD2B9008FB618 /* FCModel+Store.swift in Sources */ = {isa = PBXBuildFile; fileRef = E42ED57A1A8BD2B9008FB618 /* FCModel+Store.swift */; };
		E42ED57D1A8BD380008FB618 /* FCModel+PostNotifications.swift in Sources */ = {isa = PBXBuildFile; fileRef = E42ED57C1A8BD380008FB618 /* FCModel+PostNotifications.swift */; };
		E463A3AF1A121A5D001D8E3B /* PublicationInitTests.swift in Sources */ = {isa = PBXBuildFile; fileRef = E463A3AE1A121A5D001D8E3B /* PublicationInitTests.swift */; };
		E4642C901A52F23300F5C43B /* PinGreenCall.png in Resources */ = {isa = PBXBuildFile; fileRef = E4642C8A1A52F23300F5C43B /* PinGreenCall.png */; };
		E4642C911A52F23300F5C43B /* PinYellowCall.png in Resources */ = {isa = PBXBuildFile; fileRef = E4642C8B1A52F23300F5C43B /* PinYellowCall.png */; };
		E4642C921A52F23300F5C43B /* PinGreen.png in Resources */ = {isa = PBXBuildFile; fileRef = E4642C8C1A52F23300F5C43B /* PinGreen.png */; };
		E4642C931A52F23300F5C43B /* PinYellow.png in Resources */ = {isa = PBXBuildFile; fileRef = E4642C8D1A52F23300F5C43B /* PinYellow.png */; };
		E4642C941A52F23300F5C43B /* PinRedCall.png in Resources */ = {isa = PBXBuildFile; fileRef = E4642C8E1A52F23300F5C43B /* PinRedCall.png */; };
		E4642C951A52F23300F5C43B /* PinRed.png in Resources */ = {isa = PBXBuildFile; fileRef = E4642C8F1A52F23300F5C43B /* PinRed.png */; };
		E469C6F11A2D15E80036038E /* FirstBuildInstructions in Resources */ = {isa = PBXBuildFile; fileRef = E469C6F01A2D15E80036038E /* FirstBuildInstructions */; };
		E4737D851A10C01300A4AB81 /* FCAlertsHandler.swift in Sources */ = {isa = PBXBuildFile; fileRef = E4737D641A10C01300A4AB81 /* FCAlertsHandler.swift */; };
		E4737D861A10C01300A4AB81 /* FCAppDataStoreManager.swift in Sources */ = {isa = PBXBuildFile; fileRef = E4737D651A10C01300A4AB81 /* FCAppDataStoreManager.swift */; };
		E4737D891A10C01300A4AB81 /* FCCollectorRootVC.swift in Sources */ = {isa = PBXBuildFile; fileRef = E4737D681A10C01300A4AB81 /* FCCollectorRootVC.swift */; };
		E4737D8B1A10C01300A4AB81 /* FCDateFunctions.swift in Sources */ = {isa = PBXBuildFile; fileRef = E4737D6A1A10C01300A4AB81 /* FCDateFunctions.swift */; };
		E4737D8C1A10C01300A4AB81 /* FCModel.swift in Sources */ = {isa = PBXBuildFile; fileRef = E4737D6B1A10C01300A4AB81 /* FCModel.swift */; };
		E4737D8D1A10C01300A4AB81 /* FCNavigationHandler.swift in Sources */ = {isa = PBXBuildFile; fileRef = E4737D6C1A10C01300A4AB81 /* FCNavigationHandler.swift */; };
		E4737D931A10C01300A4AB81 /* FCPublication.swift in Sources */ = {isa = PBXBuildFile; fileRef = E4737D721A10C01300A4AB81 /* FCPublication.swift */; };
		E4737D941A10C01300A4AB81 /* FCPublicationAddressPickerVC.swift in Sources */ = {isa = PBXBuildFile; fileRef = E4737D731A10C01300A4AB81 /* FCPublicationAddressPickerVC.swift */; };
		E4737D961A10C01300A4AB81 /* FCPublicationDataInputVC.swift in Sources */ = {isa = PBXBuildFile; fileRef = E4737D751A10C01300A4AB81 /* FCPublicationDataInputVC.swift */; };
		E4737D991A10C01300A4AB81 /* FCPublicationEditorTVC.swift in Sources */ = {isa = PBXBuildFile; fileRef = E4737D781A10C01300A4AB81 /* FCPublicationEditorTVC.swift */; };
		E4737D9B1A10C01300A4AB81 /* FCPublicationsTableViewController.swift in Sources */ = {isa = PBXBuildFile; fileRef = E4737D7A1A10C01300A4AB81 /* FCPublicationsTableViewController.swift */; };
		E4737D9D1A10C01300A4AB81 /* FCPublishRootVC.swift in Sources */ = {isa = PBXBuildFile; fileRef = E4737D7C1A10C01300A4AB81 /* FCPublishRootVC.swift */; };
		E4737D9E1A10C01300A4AB81 /* FCServerProtocol.swift in Sources */ = {isa = PBXBuildFile; fileRef = E4737D7D1A10C01300A4AB81 /* FCServerProtocol.swift */; };
		E4737D9F1A10C01300A4AB81 /* FCStringFunctions.swift in Sources */ = {isa = PBXBuildFile; fileRef = E4737D7E1A10C01300A4AB81 /* FCStringFunctions.swift */; };
		E4737DA41A10C01300A4AB81 /* FCUserNotificationHandler.swift in Sources */ = {isa = PBXBuildFile; fileRef = E4737D831A10C01300A4AB81 /* FCUserNotificationHandler.swift */; };
		E4737DAD1A10CD5800A4AB81 /* MapKit.framework in Frameworks */ = {isa = PBXBuildFile; fileRef = E4737DAC1A10CD5800A4AB81 /* MapKit.framework */; };
		E4737DAF1A10CD6200A4AB81 /* CoreLocation.framework in Frameworks */ = {isa = PBXBuildFile; fileRef = E4737DAE1A10CD6200A4AB81 /* CoreLocation.framework */; };
		E4737DB11A10E2E600A4AB81 /* FCFoodCollectorWebServer.swift in Sources */ = {isa = PBXBuildFile; fileRef = E4737DB01A10E2E600A4AB81 /* FCFoodCollectorWebServer.swift */; };
		E473A6291A8DEF4100CB8C44 /* UIView+Extensions.swift in Sources */ = {isa = PBXBuildFile; fileRef = E473A6281A8DEF4100CB8C44 /* UIView+Extensions.swift */; };
		E476C2321A65501C00E3BCC3 /* FCPublicationEditorTVCell.swift in Sources */ = {isa = PBXBuildFile; fileRef = E476C2311A65501C00E3BCC3 /* FCPublicationEditorTVCell.swift */; };
		E47F9C511A120C0B00079164 /* FCMockServer.swift in Sources */ = {isa = PBXBuildFile; fileRef = E47F9C501A120C0B00079164 /* FCMockServer.swift */; };
		E47F9C531A12184200079164 /* ModelInitTests.swift in Sources */ = {isa = PBXBuildFile; fileRef = E47F9C521A12184200079164 /* ModelInitTests.swift */; };
		E48847401A19E055000E98DA /* FCFetchedDataSorter.swift in Sources */ = {isa = PBXBuildFile; fileRef = E488473F1A19E055000E98DA /* FCFetchedDataSorter.swift */; };
		E494DF101A0A980D004A369E /* AppDelegate.swift in Sources */ = {isa = PBXBuildFile; fileRef = E494DF0F1A0A980D004A369E /* AppDelegate.swift */; };
		E494DF151A0A980D004A369E /* Main.storyboard in Resources */ = {isa = PBXBuildFile; fileRef = E494DF131A0A980D004A369E /* Main.storyboard */; };
		E494DF171A0A980D004A369E /* Images.xcassets in Resources */ = {isa = PBXBuildFile; fileRef = E494DF161A0A980D004A369E /* Images.xcassets */; };
		E494DF1A1A0A980D004A369E /* LaunchScreen.xib in Resources */ = {isa = PBXBuildFile; fileRef = E494DF181A0A980D004A369E /* LaunchScreen.xib */; };
		E494DF261A0A980D004A369E /* FoodCollectorTests.swift in Sources */ = {isa = PBXBuildFile; fileRef = E494DF251A0A980D004A369E /* FoodCollectorTests.swift */; };
		E49B93281A5D0D0700D48C52 /* FCPublicationDetailsDatesCell.swift in Sources */ = {isa = PBXBuildFile; fileRef = E49B93271A5D0D0700D48C52 /* FCPublicationDetailsDatesCell.swift */; };
		E49B932C1A5DBA4000D48C52 /* FCArrivedToPublicationSpotVC.swift in Sources */ = {isa = PBXBuildFile; fileRef = E49B932B1A5DBA4000D48C52 /* FCArrivedToPublicationSpotVC.swift */; };
		E49B932E1A5DC2C300D48C52 /* FCMainTabBarController.swift in Sources */ = {isa = PBXBuildFile; fileRef = E49B932D1A5DC2C300D48C52 /* FCMainTabBarController.swift */; };
		E4A4096D1A5C70A20077542C /* FCPublicationDetailsPhotoCell.swift in Sources */ = {isa = PBXBuildFile; fileRef = E4A4096C1A5C70A20077542C /* FCPublicationDetailsPhotoCell.swift */; };
		E4C1C1651A52AB3500A37E00 /* FCAnnotationView.swift in Sources */ = {isa = PBXBuildFile; fileRef = E4C1C1641A52AB3500A37E00 /* FCAnnotationView.swift */; };
		E4C1C1671A52AB7400A37E00 /* FCPublicationsTVCell.swift in Sources */ = {isa = PBXBuildFile; fileRef = E4C1C1661A52AB7400A37E00 /* FCPublicationsTVCell.swift */; };
		E4C1C16B1A52AC8E00A37E00 /* easter_rabbit-26.png in Resources */ = {isa = PBXBuildFile; fileRef = E4C1C1681A52AC8E00A37E00 /* easter_rabbit-26.png */; };
		E4C1C16C1A52AC8E00A37E00 /* easter_cake-26.png in Resources */ = {isa = PBXBuildFile; fileRef = E4C1C1691A52AC8E00A37E00 /* easter_cake-26.png */; };
		E4C1C16D1A52AC8E00A37E00 /* bell-26.png in Resources */ = {isa = PBXBuildFile; fileRef = E4C1C16A1A52AC8E00A37E00 /* bell-26.png */; };
		E4C1C16F1A52DC6A00A37E00 /* FCPhotoFetcher.swift in Sources */ = {isa = PBXBuildFile; fileRef = E4C1C16E1A52DC6A00A37E00 /* FCPhotoFetcher.swift */; };
		E4FEFC1E1A5E85B300AB0F43 /* FCActivityCenterTVC.swift in Sources */ = {isa = PBXBuildFile; fileRef = E4FEFC1D1A5E85B300AB0F43 /* FCActivityCenterTVC.swift */; };
		E4FEFC201A5E86FD00AB0F43 /* FCActivityCenterTVCell.swift in Sources */ = {isa = PBXBuildFile; fileRef = E4FEFC1F1A5E86FD00AB0F43 /* FCActivityCenterTVCell.swift */; };
/* End PBXBuildFile section */

/* Begin PBXContainerItemProxy section */
		E494DF201A0A980D004A369E /* PBXContainerItemProxy */ = {
			isa = PBXContainerItemProxy;
			containerPortal = E494DF021A0A980D004A369E /* Project object */;
			proxyType = 1;
			remoteGlobalIDString = E494DF091A0A980D004A369E;
			remoteInfo = FoodCollector;
		};
/* End PBXContainerItemProxy section */

/* Begin PBXFileReference section */
		4C0F0BBFA42B094D8A074F35 /* libPods.a */ = {isa = PBXFileReference; explicitFileType = archive.ar; includeInIndex = 0; path = libPods.a; sourceTree = BUILT_PRODUCTS_DIR; };
		A170EE631A1A68DB003650FE /* FCPublishRootVCCustomCollectionViewCell.swift */ = {isa = PBXFileReference; fileEncoding = 4; lastKnownFileType = sourcecode.swift; path = FCPublishRootVCCustomCollectionViewCell.swift; sourceTree = "<group>"; };
		A1EEEFB81A2332C70086BFB7 /* FCDeviceData.swift */ = {isa = PBXFileReference; fileEncoding = 4; lastKnownFileType = sourcecode.swift; path = FCDeviceData.swift; sourceTree = "<group>"; };
		C158973FCC90088B3F95AE17 /* Pods.release.xcconfig */ = {isa = PBXFileReference; includeInIndex = 1; lastKnownFileType = text.xcconfig; name = Pods.release.xcconfig; path = "Pods/Target Support Files/Pods/Pods.release.xcconfig"; sourceTree = "<group>"; };
		E4030A711A63DD92005D224E /* FCPublishPhotoEditorVC.swift */ = {isa = PBXFileReference; fileEncoding = 4; lastKnownFileType = sourcecode.swift; path = FCPublishPhotoEditorVC.swift; sourceTree = "<group>"; };
		E4030A731A63DFC9005D224E /* FCPublicationTypeOfPublicationEditorVC.swift */ = {isa = PBXFileReference; fileEncoding = 4; lastKnownFileType = sourcecode.swift; path = FCPublicationTypeOfPublicationEditorVC.swift; sourceTree = "<group>"; };
		E40BD4FA1A5819D900BB2F98 /* FCPublicationDetailsTVReportsCell.swift */ = {isa = PBXFileReference; fileEncoding = 4; lastKnownFileType = sourcecode.swift; path = FCPublicationDetailsTVReportsCell.swift; sourceTree = "<group>"; };
		E4214E6B1A63E0860070332D /* FCPublishDateEditorVC.swift */ = {isa = PBXFileReference; fileEncoding = 4; lastKnownFileType = sourcecode.swift; path = FCPublishDateEditorVC.swift; sourceTree = "<group>"; };
		E4214E6D1A63E0CF0070332D /* FCPublishAddressEditorVC.swift */ = {isa = PBXFileReference; fileEncoding = 4; lastKnownFileType = sourcecode.swift; path = FCPublishAddressEditorVC.swift; sourceTree = "<group>"; };
		E4214E6F1A63E1020070332D /* FCPublishStringFieldsEditorVC.swift */ = {isa = PBXFileReference; fileEncoding = 4; lastKnownFileType = sourcecode.swift; path = FCPublishStringFieldsEditorVC.swift; sourceTree = "<group>"; };
		E426AD321A5A682B006F609C /* FCPublicationSingleReportCell.swift */ = {isa = PBXFileReference; fileEncoding = 4; lastKnownFileType = sourcecode.swift; path = FCPublicationSingleReportCell.swift; sourceTree = "<group>"; };
		E42C9E1E1A556C16000E0FB1 /* FCPublicationDetailsTVC.swift */ = {isa = PBXFileReference; fileEncoding = 4; lastKnownFileType = sourcecode.swift; path = FCPublicationDetailsTVC.swift; sourceTree = "<group>"; };
		E42C9E201A556C3E000E0FB1 /* FCPublicationsDetailsTVTitleCell.swift */ = {isa = PBXFileReference; fileEncoding = 4; lastKnownFileType = sourcecode.swift; path = FCPublicationsDetailsTVTitleCell.swift; sourceTree = "<group>"; };
		E42C9E221A55D311000E0FB1 /* FCIconFactory.swift */ = {isa = PBXFileReference; fileEncoding = 4; lastKnownFileType = sourcecode.swift; path = FCIconFactory.swift; sourceTree = "<group>"; };
		E42ED5741A8B682C008FB618 /* DataUpdater.swift */ = {isa = PBXFileReference; fileEncoding = 4; lastKnownFileType = sourcecode.swift; path = DataUpdater.swift; sourceTree = "<group>"; };
		E42ED5761A8BD007008FB618 /* FCModel+NewData.swift */ = {isa = PBXFileReference; fileEncoding = 4; lastKnownFileType = sourcecode.swift; path = "FCModel+NewData.swift"; sourceTree = "<group>"; };
		E42ED5781A8BD175008FB618 /* FCModel+LocationManager.swift */ = {isa = PBXFileReference; fileEncoding = 4; lastKnownFileType = sourcecode.swift; path = "FCModel+LocationManager.swift"; sourceTree = "<group>"; };
		E42ED57A1A8BD2B9008FB618 /* FCModel+Store.swift */ = {isa = PBXFileReference; fileEncoding = 4; lastKnownFileType = sourcecode.swift; path = "FCModel+Store.swift"; sourceTree = "<group>"; };
		E42ED57C1A8BD380008FB618 /* FCModel+PostNotifications.swift */ = {isa = PBXFileReference; fileEncoding = 4; lastKnownFileType = sourcecode.swift; path = "FCModel+PostNotifications.swift"; sourceTree = "<group>"; };
		E463A3AE1A121A5D001D8E3B /* PublicationInitTests.swift */ = {isa = PBXFileReference; fileEncoding = 4; lastKnownFileType = sourcecode.swift; path = PublicationInitTests.swift; sourceTree = "<group>"; };
		E4642C8A1A52F23300F5C43B /* PinGreenCall.png */ = {isa = PBXFileReference; lastKnownFileType = image.png; path = PinGreenCall.png; sourceTree = "<group>"; };
		E4642C8B1A52F23300F5C43B /* PinYellowCall.png */ = {isa = PBXFileReference; lastKnownFileType = image.png; path = PinYellowCall.png; sourceTree = "<group>"; };
		E4642C8C1A52F23300F5C43B /* PinGreen.png */ = {isa = PBXFileReference; lastKnownFileType = image.png; path = PinGreen.png; sourceTree = "<group>"; };
		E4642C8D1A52F23300F5C43B /* PinYellow.png */ = {isa = PBXFileReference; lastKnownFileType = image.png; path = PinYellow.png; sourceTree = "<group>"; };
		E4642C8E1A52F23300F5C43B /* PinRedCall.png */ = {isa = PBXFileReference; lastKnownFileType = image.png; path = PinRedCall.png; sourceTree = "<group>"; };
		E4642C8F1A52F23300F5C43B /* PinRed.png */ = {isa = PBXFileReference; lastKnownFileType = image.png; path = PinRed.png; sourceTree = "<group>"; };
		E469C6F01A2D15E80036038E /* FirstBuildInstructions */ = {isa = PBXFileReference; fileEncoding = 4; lastKnownFileType = text; path = FirstBuildInstructions; sourceTree = "<group>"; };
		E4737D641A10C01300A4AB81 /* FCAlertsHandler.swift */ = {isa = PBXFileReference; fileEncoding = 4; lastKnownFileType = sourcecode.swift; path = FCAlertsHandler.swift; sourceTree = "<group>"; };
		E4737D651A10C01300A4AB81 /* FCAppDataStoreManager.swift */ = {isa = PBXFileReference; fileEncoding = 4; lastKnownFileType = sourcecode.swift; path = FCAppDataStoreManager.swift; sourceTree = "<group>"; };
		E4737D681A10C01300A4AB81 /* FCCollectorRootVC.swift */ = {isa = PBXFileReference; fileEncoding = 4; lastKnownFileType = sourcecode.swift; path = FCCollectorRootVC.swift; sourceTree = "<group>"; };
		E4737D6A1A10C01300A4AB81 /* FCDateFunctions.swift */ = {isa = PBXFileReference; fileEncoding = 4; lastKnownFileType = sourcecode.swift; path = FCDateFunctions.swift; sourceTree = "<group>"; };
		E4737D6B1A10C01300A4AB81 /* FCModel.swift */ = {isa = PBXFileReference; fileEncoding = 4; lastKnownFileType = sourcecode.swift; path = FCModel.swift; sourceTree = "<group>"; };
		E4737D6C1A10C01300A4AB81 /* FCNavigationHandler.swift */ = {isa = PBXFileReference; fileEncoding = 4; lastKnownFileType = sourcecode.swift; path = FCNavigationHandler.swift; sourceTree = "<group>"; };
		E4737D721A10C01300A4AB81 /* FCPublication.swift */ = {isa = PBXFileReference; fileEncoding = 4; lastKnownFileType = sourcecode.swift; path = FCPublication.swift; sourceTree = "<group>"; };
		E4737D731A10C01300A4AB81 /* FCPublicationAddressPickerVC.swift */ = {isa = PBXFileReference; fileEncoding = 4; lastKnownFileType = sourcecode.swift; path = FCPublicationAddressPickerVC.swift; sourceTree = "<group>"; };
		E4737D751A10C01300A4AB81 /* FCPublicationDataInputVC.swift */ = {isa = PBXFileReference; fileEncoding = 4; lastKnownFileType = sourcecode.swift; path = FCPublicationDataInputVC.swift; sourceTree = "<group>"; };
		E4737D781A10C01300A4AB81 /* FCPublicationEditorTVC.swift */ = {isa = PBXFileReference; fileEncoding = 4; lastKnownFileType = sourcecode.swift; path = FCPublicationEditorTVC.swift; sourceTree = "<group>"; };
		E4737D7A1A10C01300A4AB81 /* FCPublicationsTableViewController.swift */ = {isa = PBXFileReference; fileEncoding = 4; lastKnownFileType = sourcecode.swift; path = FCPublicationsTableViewController.swift; sourceTree = "<group>"; };
		E4737D7C1A10C01300A4AB81 /* FCPublishRootVC.swift */ = {isa = PBXFileReference; fileEncoding = 4; lastKnownFileType = sourcecode.swift; path = FCPublishRootVC.swift; sourceTree = "<group>"; };
		E4737D7D1A10C01300A4AB81 /* FCServerProtocol.swift */ = {isa = PBXFileReference; fileEncoding = 4; lastKnownFileType = sourcecode.swift; path = FCServerProtocol.swift; sourceTree = "<group>"; };
		E4737D7E1A10C01300A4AB81 /* FCStringFunctions.swift */ = {isa = PBXFileReference; fileEncoding = 4; lastKnownFileType = sourcecode.swift; path = FCStringFunctions.swift; sourceTree = "<group>"; };
		E4737D831A10C01300A4AB81 /* FCUserNotificationHandler.swift */ = {isa = PBXFileReference; fileEncoding = 4; lastKnownFileType = sourcecode.swift; path = FCUserNotificationHandler.swift; sourceTree = "<group>"; };
		E4737DAC1A10CD5800A4AB81 /* MapKit.framework */ = {isa = PBXFileReference; lastKnownFileType = wrapper.framework; name = MapKit.framework; path = System/Library/Frameworks/MapKit.framework; sourceTree = SDKROOT; };
		E4737DAE1A10CD6200A4AB81 /* CoreLocation.framework */ = {isa = PBXFileReference; lastKnownFileType = wrapper.framework; name = CoreLocation.framework; path = System/Library/Frameworks/CoreLocation.framework; sourceTree = SDKROOT; };
		E4737DB01A10E2E600A4AB81 /* FCFoodCollectorWebServer.swift */ = {isa = PBXFileReference; fileEncoding = 4; lastKnownFileType = sourcecode.swift; path = FCFoodCollectorWebServer.swift; sourceTree = "<group>"; };
		E473A6281A8DEF4100CB8C44 /* UIView+Extensions.swift */ = {isa = PBXFileReference; fileEncoding = 4; lastKnownFileType = sourcecode.swift; path = "UIView+Extensions.swift"; sourceTree = "<group>"; };
		E476C2311A65501C00E3BCC3 /* FCPublicationEditorTVCell.swift */ = {isa = PBXFileReference; fileEncoding = 4; lastKnownFileType = sourcecode.swift; path = FCPublicationEditorTVCell.swift; sourceTree = "<group>"; };
		E47F9C501A120C0B00079164 /* FCMockServer.swift */ = {isa = PBXFileReference; fileEncoding = 4; lastKnownFileType = sourcecode.swift; path = FCMockServer.swift; sourceTree = "<group>"; };
		E47F9C521A12184200079164 /* ModelInitTests.swift */ = {isa = PBXFileReference; fileEncoding = 4; lastKnownFileType = sourcecode.swift; path = ModelInitTests.swift; sourceTree = "<group>"; };
		E488473F1A19E055000E98DA /* FCFetchedDataSorter.swift */ = {isa = PBXFileReference; fileEncoding = 4; lastKnownFileType = sourcecode.swift; path = FCFetchedDataSorter.swift; sourceTree = "<group>"; };
		E494DF0A1A0A980D004A369E /* FoodCollector.app */ = {isa = PBXFileReference; explicitFileType = wrapper.application; includeInIndex = 0; path = FoodCollector.app; sourceTree = BUILT_PRODUCTS_DIR; };
		E494DF0E1A0A980D004A369E /* Info.plist */ = {isa = PBXFileReference; lastKnownFileType = text.plist.xml; path = Info.plist; sourceTree = "<group>"; };
		E494DF0F1A0A980D004A369E /* AppDelegate.swift */ = {isa = PBXFileReference; lastKnownFileType = sourcecode.swift; path = AppDelegate.swift; sourceTree = "<group>"; };
		E494DF141A0A980D004A369E /* Base */ = {isa = PBXFileReference; lastKnownFileType = file.storyboard; name = Base; path = Base.lproj/Main.storyboard; sourceTree = "<group>"; };
		E494DF161A0A980D004A369E /* Images.xcassets */ = {isa = PBXFileReference; lastKnownFileType = folder.assetcatalog; path = Images.xcassets; sourceTree = "<group>"; };
		E494DF191A0A980D004A369E /* Base */ = {isa = PBXFileReference; lastKnownFileType = file.xib; name = Base; path = Base.lproj/LaunchScreen.xib; sourceTree = "<group>"; };
		E494DF1F1A0A980D004A369E /* FoodCollectorTests.xctest */ = {isa = PBXFileReference; explicitFileType = wrapper.cfbundle; includeInIndex = 0; path = FoodCollectorTests.xctest; sourceTree = BUILT_PRODUCTS_DIR; };
		E494DF241A0A980D004A369E /* Info.plist */ = {isa = PBXFileReference; lastKnownFileType = text.plist.xml; path = Info.plist; sourceTree = "<group>"; };
		E494DF251A0A980D004A369E /* FoodCollectorTests.swift */ = {isa = PBXFileReference; lastKnownFileType = sourcecode.swift; path = FoodCollectorTests.swift; sourceTree = "<group>"; };
		E49B93271A5D0D0700D48C52 /* FCPublicationDetailsDatesCell.swift */ = {isa = PBXFileReference; fileEncoding = 4; lastKnownFileType = sourcecode.swift; path = FCPublicationDetailsDatesCell.swift; sourceTree = "<group>"; };
		E49B932B1A5DBA4000D48C52 /* FCArrivedToPublicationSpotVC.swift */ = {isa = PBXFileReference; fileEncoding = 4; lastKnownFileType = sourcecode.swift; path = FCArrivedToPublicationSpotVC.swift; sourceTree = "<group>"; };
		E49B932D1A5DC2C300D48C52 /* FCMainTabBarController.swift */ = {isa = PBXFileReference; fileEncoding = 4; lastKnownFileType = sourcecode.swift; path = FCMainTabBarController.swift; sourceTree = "<group>"; };
		E4A4096C1A5C70A20077542C /* FCPublicationDetailsPhotoCell.swift */ = {isa = PBXFileReference; fileEncoding = 4; lastKnownFileType = sourcecode.swift; path = FCPublicationDetailsPhotoCell.swift; sourceTree = "<group>"; };
		E4C1C1601A52A3ED00A37E00 /* BridgingHeader.h */ = {isa = PBXFileReference; fileEncoding = 4; lastKnownFileType = sourcecode.c.h; path = BridgingHeader.h; sourceTree = "<group>"; };
		E4C1C1641A52AB3500A37E00 /* FCAnnotationView.swift */ = {isa = PBXFileReference; fileEncoding = 4; lastKnownFileType = sourcecode.swift; path = FCAnnotationView.swift; sourceTree = "<group>"; };
		E4C1C1661A52AB7400A37E00 /* FCPublicationsTVCell.swift */ = {isa = PBXFileReference; fileEncoding = 4; lastKnownFileType = sourcecode.swift; path = FCPublicationsTVCell.swift; sourceTree = "<group>"; };
		E4C1C1681A52AC8E00A37E00 /* easter_rabbit-26.png */ = {isa = PBXFileReference; lastKnownFileType = image.png; path = "easter_rabbit-26.png"; sourceTree = "<group>"; };
		E4C1C1691A52AC8E00A37E00 /* easter_cake-26.png */ = {isa = PBXFileReference; lastKnownFileType = image.png; path = "easter_cake-26.png"; sourceTree = "<group>"; };
		E4C1C16A1A52AC8E00A37E00 /* bell-26.png */ = {isa = PBXFileReference; lastKnownFileType = image.png; path = "bell-26.png"; sourceTree = "<group>"; };
		E4C1C16E1A52DC6A00A37E00 /* FCPhotoFetcher.swift */ = {isa = PBXFileReference; fileEncoding = 4; lastKnownFileType = sourcecode.swift; path = FCPhotoFetcher.swift; sourceTree = "<group>"; };
		E4FEFC1D1A5E85B300AB0F43 /* FCActivityCenterTVC.swift */ = {isa = PBXFileReference; fileEncoding = 4; lastKnownFileType = sourcecode.swift; path = FCActivityCenterTVC.swift; sourceTree = "<group>"; };
		E4FEFC1F1A5E86FD00AB0F43 /* FCActivityCenterTVCell.swift */ = {isa = PBXFileReference; fileEncoding = 4; lastKnownFileType = sourcecode.swift; path = FCActivityCenterTVCell.swift; sourceTree = "<group>"; };
		F1B2D1FD30AE3BB39FBEABBA /* Pods.debug.xcconfig */ = {isa = PBXFileReference; includeInIndex = 1; lastKnownFileType = text.xcconfig; name = Pods.debug.xcconfig; path = "Pods/Target Support Files/Pods/Pods.debug.xcconfig"; sourceTree = "<group>"; };
/* End PBXFileReference section */

/* Begin PBXFrameworksBuildPhase section */
		E494DF071A0A980D004A369E /* Frameworks */ = {
			isa = PBXFrameworksBuildPhase;
			buildActionMask = 2147483647;
			files = (
				E4737DAF1A10CD6200A4AB81 /* CoreLocation.framework in Frameworks */,
				E4737DAD1A10CD5800A4AB81 /* MapKit.framework in Frameworks */,
				A42DC1B7330EF75488324DE5 /* libPods.a in Frameworks */,
			);
			runOnlyForDeploymentPostprocessing = 0;
		};
		E494DF1C1A0A980D004A369E /* Frameworks */ = {
			isa = PBXFrameworksBuildPhase;
			buildActionMask = 2147483647;
			files = (
			);
			runOnlyForDeploymentPostprocessing = 0;
		};
/* End PBXFrameworksBuildPhase section */

/* Begin PBXGroup section */
		584074C33F5C6389DE88C629 /* Frameworks */ = {
			isa = PBXGroup;
			children = (
				4C0F0BBFA42B094D8A074F35 /* libPods.a */,
			);
			name = Frameworks;
			sourceTree = "<group>";
		};
		E4030A701A63DD7B005D224E /* Editor */ = {
			isa = PBXGroup;
			children = (
				E4214E6F1A63E1020070332D /* FCPublishStringFieldsEditorVC.swift */,
				E4214E6D1A63E0CF0070332D /* FCPublishAddressEditorVC.swift */,
				E4214E6B1A63E0860070332D /* FCPublishDateEditorVC.swift */,
				E4030A731A63DFC9005D224E /* FCPublicationTypeOfPublicationEditorVC.swift */,
				E4030A711A63DD92005D224E /* FCPublishPhotoEditorVC.swift */,
				E4737D751A10C01300A4AB81 /* FCPublicationDataInputVC.swift */,
				E4737D731A10C01300A4AB81 /* FCPublicationAddressPickerVC.swift */,
			);
			name = Editor;
			sourceTree = "<group>";
		};
		E42ED57E1A8BD4C5008FB618 /* FCModel */ = {
			isa = PBXGroup;
			children = (
				E4737D6B1A10C01300A4AB81 /* FCModel.swift */,
				E42ED57C1A8BD380008FB618 /* FCModel+PostNotifications.swift */,
				E42ED57A1A8BD2B9008FB618 /* FCModel+Store.swift */,
				E42ED5781A8BD175008FB618 /* FCModel+LocationManager.swift */,
				E42ED5761A8BD007008FB618 /* FCModel+NewData.swift */,
			);
			name = FCModel;
			sourceTree = "<group>";
		};
		E4737DA61A10C1C600A4AB81 /* Model */ = {
			isa = PBXGroup;
			children = (
				E42ED57E1A8BD4C5008FB618 /* FCModel */,
				E42ED5741A8B682C008FB618 /* DataUpdater.swift */,
				E4737D7D1A10C01300A4AB81 /* FCServerProtocol.swift */,
				E47F9C501A120C0B00079164 /* FCMockServer.swift */,
				E488473F1A19E055000E98DA /* FCFetchedDataSorter.swift */,
				E4737D721A10C01300A4AB81 /* FCPublication.swift */,
				E4737DB01A10E2E600A4AB81 /* FCFoodCollectorWebServer.swift */,
				E4737D831A10C01300A4AB81 /* FCUserNotificationHandler.swift */,
				E4737D651A10C01300A4AB81 /* FCAppDataStoreManager.swift */,
				E42C9E221A55D311000E0FB1 /* FCIconFactory.swift */,
				E4C1C16E1A52DC6A00A37E00 /* FCPhotoFetcher.swift */,
			);
			name = Model;
			sourceTree = "<group>";
		};
		E4737DA71A10C1DD00A4AB81 /* UI */ = {
			isa = PBXGroup;
			children = (
				E4737DAB1A10C24A00A4AB81 /* Main */,
				E4737DAA1A10C23200A4AB81 /* Publisher */,
				E4737DA91A10C21C00A4AB81 /* Collector */,
			);
			name = UI;
			sourceTree = "<group>";
		};
		E4737DA81A10C1E700A4AB81 /* Functions */ = {
			isa = PBXGroup;
			children = (
				E473A6281A8DEF4100CB8C44 /* UIView+Extensions.swift */,
				E4737D6C1A10C01300A4AB81 /* FCNavigationHandler.swift */,
				E4737D7E1A10C01300A4AB81 /* FCStringFunctions.swift */,
				E4737D6A1A10C01300A4AB81 /* FCDateFunctions.swift */,
				E4737D641A10C01300A4AB81 /* FCAlertsHandler.swift */,
				A1EEEFB81A2332C70086BFB7 /* FCDeviceData.swift */,
				E4642C8A1A52F23300F5C43B /* PinGreenCall.png */,
				E4642C8B1A52F23300F5C43B /* PinYellowCall.png */,
				E4642C8C1A52F23300F5C43B /* PinGreen.png */,
				E4642C8D1A52F23300F5C43B /* PinYellow.png */,
				E4642C8E1A52F23300F5C43B /* PinRedCall.png */,
				E4642C8F1A52F23300F5C43B /* PinRed.png */,
				E4C1C1681A52AC8E00A37E00 /* easter_rabbit-26.png */,
				E4C1C1691A52AC8E00A37E00 /* easter_cake-26.png */,
				E4C1C16A1A52AC8E00A37E00 /* bell-26.png */,
			);
			name = Functions;
			sourceTree = "<group>";
		};
		E4737DA91A10C21C00A4AB81 /* Collector */ = {
			isa = PBXGroup;
			children = (
				E4737D7A1A10C01300A4AB81 /* FCPublicationsTableViewController.swift */,
				E4C1C1661A52AB7400A37E00 /* FCPublicationsTVCell.swift */,
				E4737D681A10C01300A4AB81 /* FCCollectorRootVC.swift */,
				E49B932B1A5DBA4000D48C52 /* FCArrivedToPublicationSpotVC.swift */,
				E4C1C1641A52AB3500A37E00 /* FCAnnotationView.swift */,
				E42C9E1E1A556C16000E0FB1 /* FCPublicationDetailsTVC.swift */,
				E42C9E201A556C3E000E0FB1 /* FCPublicationsDetailsTVTitleCell.swift */,
				E40BD4FA1A5819D900BB2F98 /* FCPublicationDetailsTVReportsCell.swift */,
				E426AD321A5A682B006F609C /* FCPublicationSingleReportCell.swift */,
				E4A4096C1A5C70A20077542C /* FCPublicationDetailsPhotoCell.swift */,
				E49B93271A5D0D0700D48C52 /* FCPublicationDetailsDatesCell.swift */,
				E4FEFC1D1A5E85B300AB0F43 /* FCActivityCenterTVC.swift */,
				E4FEFC1F1A5E86FD00AB0F43 /* FCActivityCenterTVCell.swift */,
			);
			name = Collector;
			sourceTree = "<group>";
		};
		E4737DAA1A10C23200A4AB81 /* Publisher */ = {
			isa = PBXGroup;
			children = (
				E4737D7C1A10C01300A4AB81 /* FCPublishRootVC.swift */,
				A170EE631A1A68DB003650FE /* FCPublishRootVCCustomCollectionViewCell.swift */,
				E4737D781A10C01300A4AB81 /* FCPublicationEditorTVC.swift */,
				E476C2311A65501C00E3BCC3 /* FCPublicationEditorTVCell.swift */,
				E4030A701A63DD7B005D224E /* Editor */,
			);
			name = Publisher;
			sourceTree = "<group>";
		};
		E4737DAB1A10C24A00A4AB81 /* Main */ = {
			isa = PBXGroup;
			children = (
				E494DF131A0A980D004A369E /* Main.storyboard */,
				E494DF181A0A980D004A369E /* LaunchScreen.xib */,
				E49B932D1A5DC2C300D48C52 /* FCMainTabBarController.swift */,
			);
			name = Main;
			sourceTree = "<group>";
		};
		E4737DB21A10E81200A4AB81 /* Frameworks */ = {
			isa = PBXGroup;
			children = (
				E4737DAE1A10CD6200A4AB81 /* CoreLocation.framework */,
				E4737DAC1A10CD5800A4AB81 /* MapKit.framework */,
			);
			name = Frameworks;
			sourceTree = "<group>";
		};
		E494DF011A0A980D004A369E = {
			isa = PBXGroup;
			children = (
				E494DF0C1A0A980D004A369E /* FoodCollector */,
				E494DF221A0A980D004A369E /* FoodCollectorTests */,
				E494DF0B1A0A980D004A369E /* Products */,
				ECF6948C369831D557C51FAA /* Pods */,
				584074C33F5C6389DE88C629 /* Frameworks */,
			);
			sourceTree = "<group>";
		};
		E494DF0B1A0A980D004A369E /* Products */ = {
			isa = PBXGroup;
			children = (
				E494DF0A1A0A980D004A369E /* FoodCollector.app */,
				E494DF1F1A0A980D004A369E /* FoodCollectorTests.xctest */,
			);
			name = Products;
			sourceTree = "<group>";
		};
		E494DF0C1A0A980D004A369E /* FoodCollector */ = {
			isa = PBXGroup;
			children = (
				E469C6F01A2D15E80036038E /* FirstBuildInstructions */,
				E494DF0F1A0A980D004A369E /* AppDelegate.swift */,
				E4737DA71A10C1DD00A4AB81 /* UI */,
				E4737DA61A10C1C600A4AB81 /* Model */,
				E4737DA81A10C1E700A4AB81 /* Functions */,
				E4737DB21A10E81200A4AB81 /* Frameworks */,
				E494DF0D1A0A980D004A369E /* Supporting Files */,
				E4C1C1601A52A3ED00A37E00 /* BridgingHeader.h */,
			);
			path = FoodCollector;
			sourceTree = "<group>";
		};
		E494DF0D1A0A980D004A369E /* Supporting Files */ = {
			isa = PBXGroup;
			children = (
				E494DF161A0A980D004A369E /* Images.xcassets */,
				E494DF0E1A0A980D004A369E /* Info.plist */,
			);
			name = "Supporting Files";
			sourceTree = "<group>";
		};
		E494DF221A0A980D004A369E /* FoodCollectorTests */ = {
			isa = PBXGroup;
			children = (
				E494DF251A0A980D004A369E /* FoodCollectorTests.swift */,
				E47F9C521A12184200079164 /* ModelInitTests.swift */,
				E463A3AE1A121A5D001D8E3B /* PublicationInitTests.swift */,
				E494DF231A0A980D004A369E /* Supporting Files */,
			);
			path = FoodCollectorTests;
			sourceTree = "<group>";
		};
		E494DF231A0A980D004A369E /* Supporting Files */ = {
			isa = PBXGroup;
			children = (
				E494DF241A0A980D004A369E /* Info.plist */,
			);
			name = "Supporting Files";
			sourceTree = "<group>";
		};
		ECF6948C369831D557C51FAA /* Pods */ = {
			isa = PBXGroup;
			children = (
				F1B2D1FD30AE3BB39FBEABBA /* Pods.debug.xcconfig */,
				C158973FCC90088B3F95AE17 /* Pods.release.xcconfig */,
			);
			name = Pods;
			sourceTree = "<group>";
		};
/* End PBXGroup section */

/* Begin PBXNativeTarget section */
		E494DF091A0A980D004A369E /* FoodCollector */ = {
			isa = PBXNativeTarget;
			buildConfigurationList = E494DF291A0A980D004A369E /* Build configuration list for PBXNativeTarget "FoodCollector" */;
			buildPhases = (
				9363829374F2D3131D8E7396 /* Check Pods Manifest.lock */,
				E494DF061A0A980D004A369E /* Sources */,
				E494DF071A0A980D004A369E /* Frameworks */,
				E494DF081A0A980D004A369E /* Resources */,
				43760BF560B1F638BE06A629 /* Copy Pods Resources */,
			);
			buildRules = (
			);
			dependencies = (
			);
			name = FoodCollector;
			productName = FoodCollector;
			productReference = E494DF0A1A0A980D004A369E /* FoodCollector.app */;
			productType = "com.apple.product-type.application";
		};
		E494DF1E1A0A980D004A369E /* FoodCollectorTests */ = {
			isa = PBXNativeTarget;
			buildConfigurationList = E494DF2C1A0A980D004A369E /* Build configuration list for PBXNativeTarget "FoodCollectorTests" */;
			buildPhases = (
				E494DF1B1A0A980D004A369E /* Sources */,
				E494DF1C1A0A980D004A369E /* Frameworks */,
				E494DF1D1A0A980D004A369E /* Resources */,
			);
			buildRules = (
			);
			dependencies = (
				E494DF211A0A980D004A369E /* PBXTargetDependency */,
			);
			name = FoodCollectorTests;
			productName = FoodCollectorTests;
			productReference = E494DF1F1A0A980D004A369E /* FoodCollectorTests.xctest */;
			productType = "com.apple.product-type.bundle.unit-test";
		};
/* End PBXNativeTarget section */

/* Begin PBXProject section */
		E494DF021A0A980D004A369E /* Project object */ = {
			isa = PBXProject;
			attributes = {
				LastUpgradeCheck = 0610;
				ORGANIZATIONNAME = "Guy Freeman";
				TargetAttributes = {
					E494DF091A0A980D004A369E = {
						CreatedOnToolsVersion = 6.1;
						DevelopmentTeam = 58NS37C8VA;
					};
					E494DF1E1A0A980D004A369E = {
						CreatedOnToolsVersion = 6.1;
						TestTargetID = E494DF091A0A980D004A369E;
					};
				};
			};
			buildConfigurationList = E494DF051A0A980D004A369E /* Build configuration list for PBXProject "FoodCollector" */;
			compatibilityVersion = "Xcode 3.2";
			developmentRegion = English;
			hasScannedForEncodings = 0;
			knownRegions = (
				en,
				Base,
			);
			mainGroup = E494DF011A0A980D004A369E;
			productRefGroup = E494DF0B1A0A980D004A369E /* Products */;
			projectDirPath = "";
			projectRoot = "";
			targets = (
				E494DF091A0A980D004A369E /* FoodCollector */,
				E494DF1E1A0A980D004A369E /* FoodCollectorTests */,
			);
		};
/* End PBXProject section */

/* Begin PBXResourcesBuildPhase section */
		E494DF081A0A980D004A369E /* Resources */ = {
			isa = PBXResourcesBuildPhase;
			buildActionMask = 2147483647;
			files = (
				E494DF151A0A980D004A369E /* Main.storyboard in Resources */,
				E4642C911A52F23300F5C43B /* PinYellowCall.png in Resources */,
				E4642C901A52F23300F5C43B /* PinGreenCall.png in Resources */,
				E4642C931A52F23300F5C43B /* PinYellow.png in Resources */,
				E4642C921A52F23300F5C43B /* PinGreen.png in Resources */,
				E4642C941A52F23300F5C43B /* PinRedCall.png in Resources */,
				E4C1C16B1A52AC8E00A37E00 /* easter_rabbit-26.png in Resources */,
				E494DF1A1A0A980D004A369E /* LaunchScreen.xib in Resources */,
				E4C1C16C1A52AC8E00A37E00 /* easter_cake-26.png in Resources */,
				E4642C951A52F23300F5C43B /* PinRed.png in Resources */,
				E494DF171A0A980D004A369E /* Images.xcassets in Resources */,
				E4C1C16D1A52AC8E00A37E00 /* bell-26.png in Resources */,
				E469C6F11A2D15E80036038E /* FirstBuildInstructions in Resources */,
			);
			runOnlyForDeploymentPostprocessing = 0;
		};
		E494DF1D1A0A980D004A369E /* Resources */ = {
			isa = PBXResourcesBuildPhase;
			buildActionMask = 2147483647;
			files = (
			);
			runOnlyForDeploymentPostprocessing = 0;
		};
/* End PBXResourcesBuildPhase section */

/* Begin PBXShellScriptBuildPhase section */
		43760BF560B1F638BE06A629 /* Copy Pods Resources */ = {
			isa = PBXShellScriptBuildPhase;
			buildActionMask = 2147483647;
			files = (
			);
			inputPaths = (
			);
			name = "Copy Pods Resources";
			outputPaths = (
			);
			runOnlyForDeploymentPostprocessing = 0;
			shellPath = /bin/sh;
			shellScript = "\"${SRCROOT}/Pods/Target Support Files/Pods/Pods-resources.sh\"\n";
			showEnvVarsInLog = 0;
		};
		9363829374F2D3131D8E7396 /* Check Pods Manifest.lock */ = {
			isa = PBXShellScriptBuildPhase;
			buildActionMask = 2147483647;
			files = (
			);
			inputPaths = (
			);
			name = "Check Pods Manifest.lock";
			outputPaths = (
			);
			runOnlyForDeploymentPostprocessing = 0;
			shellPath = /bin/sh;
			shellScript = "diff \"${PODS_ROOT}/../Podfile.lock\" \"${PODS_ROOT}/Manifest.lock\" > /dev/null\nif [[ $? != 0 ]] ; then\n    cat << EOM\nerror: The sandbox is not in sync with the Podfile.lock. Run 'pod install' or update your CocoaPods installation.\nEOM\n    exit 1\nfi\n";
			showEnvVarsInLog = 0;
		};
/* End PBXShellScriptBuildPhase section */

/* Begin PBXSourcesBuildPhase section */
		E494DF061A0A980D004A369E /* Sources */ = {
			isa = PBXSourcesBuildPhase;
			buildActionMask = 2147483647;
			files = (
				E42C9E231A55D311000E0FB1 /* FCIconFactory.swift in Sources */,
				E42ED5791A8BD175008FB618 /* FCModel+LocationManager.swift in Sources */,
				E4C1C1651A52AB3500A37E00 /* FCAnnotationView.swift in Sources */,
				E4737D991A10C01300A4AB81 /* FCPublicationEditorTVC.swift in Sources */,
				E4737D961A10C01300A4AB81 /* FCPublicationDataInputVC.swift in Sources */,
				E4737D8D1A10C01300A4AB81 /* FCNavigationHandler.swift in Sources */,
				E49B932C1A5DBA4000D48C52 /* FCArrivedToPublicationSpotVC.swift in Sources */,
				E4737D9E1A10C01300A4AB81 /* FCServerProtocol.swift in Sources */,
				E4214E6E1A63E0CF0070332D /* FCPublishAddressEditorVC.swift in Sources */,
				E494DF101A0A980D004A369E /* AppDelegate.swift in Sources */,
				E4737D8B1A10C01300A4AB81 /* FCDateFunctions.swift in Sources */,
				E42C9E1F1A556C16000E0FB1 /* FCPublicationDetailsTVC.swift in Sources */,
				E4737D9D1A10C01300A4AB81 /* FCPublishRootVC.swift in Sources */,
				E40BD4FB1A5819D900BB2F98 /* FCPublicationDetailsTVReportsCell.swift in Sources */,
				E426AD331A5A682B006F609C /* FCPublicationSingleReportCell.swift in Sources */,
				E4030A721A63DD92005D224E /* FCPublishPhotoEditorVC.swift in Sources */,
				E42C9E211A556C3E000E0FB1 /* FCPublicationsDetailsTVTitleCell.swift in Sources */,
				E42ED5771A8BD007008FB618 /* FCModel+NewData.swift in Sources */,
				E4737DA41A10C01300A4AB81 /* FCUserNotificationHandler.swift in Sources */,
				E42ED57B1A8BD2B9008FB618 /* FCModel+Store.swift in Sources */,
				E4737D9B1A10C01300A4AB81 /* FCPublicationsTableViewController.swift in Sources */,
				A1EEEFB91A2332C70086BFB7 /* FCDeviceData.swift in Sources */,
				E4214E6C1A63E0860070332D /* FCPublishDateEditorVC.swift in Sources */,
				E473A6291A8DEF4100CB8C44 /* UIView+Extensions.swift in Sources */,
				E48847401A19E055000E98DA /* FCFetchedDataSorter.swift in Sources */,
				E476C2321A65501C00E3BCC3 /* FCPublicationEditorTVCell.swift in Sources */,
				E4FEFC201A5E86FD00AB0F43 /* FCActivityCenterTVCell.swift in Sources */,
				E4030A741A63DFC9005D224E /* FCPublicationTypeOfPublicationEditorVC.swift in Sources */,
				E4737D861A10C01300A4AB81 /* FCAppDataStoreManager.swift in Sources */,
				E47F9C511A120C0B00079164 /* FCMockServer.swift in Sources */,
				E49B93281A5D0D0700D48C52 /* FCPublicationDetailsDatesCell.swift in Sources */,
				E4C1C1671A52AB7400A37E00 /* FCPublicationsTVCell.swift in Sources */,
				E4FEFC1E1A5E85B300AB0F43 /* FCActivityCenterTVC.swift in Sources */,
				E4737D941A10C01300A4AB81 /* FCPublicationAddressPickerVC.swift in Sources */,
				E4737D931A10C01300A4AB81 /* FCPublication.swift in Sources */,
				E49B932E1A5DC2C300D48C52 /* FCMainTabBarController.swift in Sources */,
				E4737D891A10C01300A4AB81 /* FCCollectorRootVC.swift in Sources */,
				E4A4096D1A5C70A20077542C /* FCPublicationDetailsPhotoCell.swift in Sources */,
				E4737DB11A10E2E600A4AB81 /* FCFoodCollectorWebServer.swift in Sources */,
				E42ED5751A8B682C008FB618 /* DataUpdater.swift in Sources */,
				E42ED57D1A8BD380008FB618 /* FCModel+PostNotifications.swift in Sources */,
				A170EE641A1A68DB003650FE /* FCPublishRootVCCustomCollectionViewCell.swift in Sources */,
				E4737D8C1A10C01300A4AB81 /* FCModel.swift in Sources */,
				E4214E701A63E1020070332D /* FCPublishStringFieldsEditorVC.swift in Sources */,
				E4C1C16F1A52DC6A00A37E00 /* FCPhotoFetcher.swift in Sources */,
				E4737D9F1A10C01300A4AB81 /* FCStringFunctions.swift in Sources */,
				E4737D851A10C01300A4AB81 /* FCAlertsHandler.swift in Sources */,
			);
			runOnlyForDeploymentPostprocessing = 0;
		};
		E494DF1B1A0A980D004A369E /* Sources */ = {
			isa = PBXSourcesBuildPhase;
			buildActionMask = 2147483647;
			files = (
				E494DF261A0A980D004A369E /* FoodCollectorTests.swift in Sources */,
				E463A3AF1A121A5D001D8E3B /* PublicationInitTests.swift in Sources */,
				E47F9C531A12184200079164 /* ModelInitTests.swift in Sources */,
			);
			runOnlyForDeploymentPostprocessing = 0;
		};
/* End PBXSourcesBuildPhase section */

/* Begin PBXTargetDependency section */
		E494DF211A0A980D004A369E /* PBXTargetDependency */ = {
			isa = PBXTargetDependency;
			target = E494DF091A0A980D004A369E /* FoodCollector */;
			targetProxy = E494DF201A0A980D004A369E /* PBXContainerItemProxy */;
		};
/* End PBXTargetDependency section */

/* Begin PBXVariantGroup section */
		E494DF131A0A980D004A369E /* Main.storyboard */ = {
			isa = PBXVariantGroup;
			children = (
				E494DF141A0A980D004A369E /* Base */,
			);
			name = Main.storyboard;
			sourceTree = "<group>";
		};
		E494DF181A0A980D004A369E /* LaunchScreen.xib */ = {
			isa = PBXVariantGroup;
			children = (
				E494DF191A0A980D004A369E /* Base */,
			);
			name = LaunchScreen.xib;
			sourceTree = "<group>";
		};
/* End PBXVariantGroup section */

/* Begin XCBuildConfiguration section */
		E494DF271A0A980D004A369E /* Debug */ = {
			isa = XCBuildConfiguration;
			buildSettings = {
				ALWAYS_SEARCH_USER_PATHS = NO;
				CLANG_CXX_LANGUAGE_STANDARD = "gnu++0x";
				CLANG_CXX_LIBRARY = "libc++";
				CLANG_ENABLE_MODULES = YES;
				CLANG_ENABLE_OBJC_ARC = YES;
				CLANG_WARN_BOOL_CONVERSION = YES;
				CLANG_WARN_CONSTANT_CONVERSION = YES;
				CLANG_WARN_DIRECT_OBJC_ISA_USAGE = YES_ERROR;
				CLANG_WARN_EMPTY_BODY = YES;
				CLANG_WARN_ENUM_CONVERSION = YES;
				CLANG_WARN_INT_CONVERSION = YES;
				CLANG_WARN_OBJC_ROOT_CLASS = YES_ERROR;
				CLANG_WARN_UNREACHABLE_CODE = YES;
				CLANG_WARN__DUPLICATE_METHOD_MATCH = YES;
				"CODE_SIGN_IDENTITY[sdk=iphoneos*]" = "iPhone Developer";
				COPY_PHASE_STRIP = NO;
				ENABLE_STRICT_OBJC_MSGSEND = YES;
				GCC_C_LANGUAGE_STANDARD = gnu99;
				GCC_DYNAMIC_NO_PIC = NO;
				GCC_OPTIMIZATION_LEVEL = 0;
				GCC_PREPROCESSOR_DEFINITIONS = (
					"DEBUG=1",
					"$(inherited)",
				);
				GCC_SYMBOLS_PRIVATE_EXTERN = NO;
				GCC_WARN_64_TO_32_BIT_CONVERSION = YES;
				GCC_WARN_ABOUT_RETURN_TYPE = YES_ERROR;
				GCC_WARN_UNDECLARED_SELECTOR = YES;
				GCC_WARN_UNINITIALIZED_AUTOS = YES_AGGRESSIVE;
				GCC_WARN_UNUSED_FUNCTION = YES;
				GCC_WARN_UNUSED_VARIABLE = YES;
				IPHONEOS_DEPLOYMENT_TARGET = 8.1;
				MTL_ENABLE_DEBUG_INFO = YES;
				ONLY_ACTIVE_ARCH = YES;
				SDKROOT = iphoneos;
				SWIFT_OPTIMIZATION_LEVEL = "-Onone";
			};
			name = Debug;
		};
		E494DF281A0A980D004A369E /* Release */ = {
			isa = XCBuildConfiguration;
			buildSettings = {
				ALWAYS_SEARCH_USER_PATHS = NO;
				CLANG_CXX_LANGUAGE_STANDARD = "gnu++0x";
				CLANG_CXX_LIBRARY = "libc++";
				CLANG_ENABLE_MODULES = YES;
				CLANG_ENABLE_OBJC_ARC = YES;
				CLANG_WARN_BOOL_CONVERSION = YES;
				CLANG_WARN_CONSTANT_CONVERSION = YES;
				CLANG_WARN_DIRECT_OBJC_ISA_USAGE = YES_ERROR;
				CLANG_WARN_EMPTY_BODY = YES;
				CLANG_WARN_ENUM_CONVERSION = YES;
				CLANG_WARN_INT_CONVERSION = YES;
				CLANG_WARN_OBJC_ROOT_CLASS = YES_ERROR;
				CLANG_WARN_UNREACHABLE_CODE = YES;
				CLANG_WARN__DUPLICATE_METHOD_MATCH = YES;
				"CODE_SIGN_IDENTITY[sdk=iphoneos*]" = "iPhone Developer";
				COPY_PHASE_STRIP = YES;
				ENABLE_NS_ASSERTIONS = NO;
				ENABLE_STRICT_OBJC_MSGSEND = YES;
				GCC_C_LANGUAGE_STANDARD = gnu99;
				GCC_WARN_64_TO_32_BIT_CONVERSION = YES;
				GCC_WARN_ABOUT_RETURN_TYPE = YES_ERROR;
				GCC_WARN_UNDECLARED_SELECTOR = YES;
				GCC_WARN_UNINITIALIZED_AUTOS = YES_AGGRESSIVE;
				GCC_WARN_UNUSED_FUNCTION = YES;
				GCC_WARN_UNUSED_VARIABLE = YES;
				IPHONEOS_DEPLOYMENT_TARGET = 8.1;
				MTL_ENABLE_DEBUG_INFO = NO;
				SDKROOT = iphoneos;
				VALIDATE_PRODUCT = YES;
			};
			name = Release;
		};
		E494DF2A1A0A980D004A369E /* Debug */ = {
			isa = XCBuildConfiguration;
			baseConfigurationReference = F1B2D1FD30AE3BB39FBEABBA /* Pods.debug.xcconfig */;
			buildSettings = {
				ASSETCATALOG_COMPILER_APPICON_NAME = AppIcon;
				CODE_SIGN_IDENTITY = "iPhone Developer";
				"CODE_SIGN_IDENTITY[sdk=iphoneos*]" = "iPhone Developer";
				INFOPLIST_FILE = FoodCollector/Info.plist;
				LD_RUNPATH_SEARCH_PATHS = "$(inherited) @executable_path/Frameworks";
				PRODUCT_NAME = "$(TARGET_NAME)";
				PROVISIONING_PROFILE = "";
				SWIFT_OBJC_BRIDGING_HEADER = FoodCollector/BridgingHeader.h;
				TARGETED_DEVICE_FAMILY = 1;
			};
			name = Debug;
		};
		E494DF2B1A0A980D004A369E /* Release */ = {
			isa = XCBuildConfiguration;
			baseConfigurationReference = C158973FCC90088B3F95AE17 /* Pods.release.xcconfig */;
			buildSettings = {
				ASSETCATALOG_COMPILER_APPICON_NAME = AppIcon;
				CODE_SIGN_IDENTITY = "iPhone Developer";
				"CODE_SIGN_IDENTITY[sdk=iphoneos*]" = "iPhone Developer";
				INFOPLIST_FILE = FoodCollector/Info.plist;
				LD_RUNPATH_SEARCH_PATHS = "$(inherited) @executable_path/Frameworks";
				PRODUCT_NAME = "$(TARGET_NAME)";
				PROVISIONING_PROFILE = "";
				SWIFT_OBJC_BRIDGING_HEADER = FoodCollector/BridgingHeader.h;
				TARGETED_DEVICE_FAMILY = 1;
			};
			name = Release;
		};
		E494DF2D1A0A980D004A369E /* Debug */ = {
			isa = XCBuildConfiguration;
			buildSettings = {
				BUNDLE_LOADER = "$(TEST_HOST)";
				FRAMEWORK_SEARCH_PATHS = (
					"$(SDKROOT)/Developer/Library/Frameworks",
					"$(inherited)",
				);
				GCC_PREPROCESSOR_DEFINITIONS = (
					"DEBUG=1",
					"$(inherited)",
				);
				INFOPLIST_FILE = FoodCollectorTests/Info.plist;
				LD_RUNPATH_SEARCH_PATHS = "$(inherited) @executable_path/Frameworks @loader_path/Frameworks";
				PRODUCT_NAME = "$(TARGET_NAME)";
				TEST_HOST = "$(BUILT_PRODUCTS_DIR)/FoodCollector.app/FoodCollector";
			};
			name = Debug;
		};
		E494DF2E1A0A980D004A369E /* Release */ = {
			isa = XCBuildConfiguration;
			buildSettings = {
				BUNDLE_LOADER = "$(TEST_HOST)";
				FRAMEWORK_SEARCH_PATHS = (
					"$(SDKROOT)/Developer/Library/Frameworks",
					"$(inherited)",
				);
				INFOPLIST_FILE = FoodCollectorTests/Info.plist;
				LD_RUNPATH_SEARCH_PATHS = "$(inherited) @executable_path/Frameworks @loader_path/Frameworks";
				PRODUCT_NAME = "$(TARGET_NAME)";
				TEST_HOST = "$(BUILT_PRODUCTS_DIR)/FoodCollector.app/FoodCollector";
			};
			name = Release;
		};
/* End XCBuildConfiguration section */

/* Begin XCConfigurationList section */
		E494DF051A0A980D004A369E /* Build configuration list for PBXProject "FoodCollector" */ = {
			isa = XCConfigurationList;
			buildConfigurations = (
				E494DF271A0A980D004A369E /* Debug */,
				E494DF281A0A980D004A369E /* Release */,
			);
			defaultConfigurationIsVisible = 0;
			defaultConfigurationName = Release;
		};
		E494DF291A0A980D004A369E /* Build configuration list for PBXNativeTarget "FoodCollector" */ = {
			isa = XCConfigurationList;
			buildConfigurations = (
				E494DF2A1A0A980D004A369E /* Debug */,
				E494DF2B1A0A980D004A369E /* Release */,
			);
			defaultConfigurationIsVisible = 0;
			defaultConfigurationName = Release;
		};
		E494DF2C1A0A980D004A369E /* Build configuration list for PBXNativeTarget "FoodCollectorTests" */ = {
			isa = XCConfigurationList;
			buildConfigurations = (
				E494DF2D1A0A980D004A369E /* Debug */,
				E494DF2E1A0A980D004A369E /* Release */,
			);
			defaultConfigurationIsVisible = 0;
			defaultConfigurationName = Release;
		};
/* End XCConfigurationList section */
	};
	rootObject = E494DF021A0A980D004A369E /* Project object */;
}
