// !$*UTF8*$!
{
	archiveVersion = 1;
	classes = {
	};
	objectVersion = 46;
	objects = {

/* Begin PBXBuildFile section */
		E4737D851A10C01300A4AB81 /* FCAlertsHandler.swift in Sources */ = {isa = PBXBuildFile; fileRef = E4737D641A10C01300A4AB81 /* FCAlertsHandler.swift */; };
		E4737D861A10C01300A4AB81 /* FCAppDataStoreManager.swift in Sources */ = {isa = PBXBuildFile; fileRef = E4737D651A10C01300A4AB81 /* FCAppDataStoreManager.swift */; };
		E4737D871A10C01300A4AB81 /* FCArrivedToSpotView.swift in Sources */ = {isa = PBXBuildFile; fileRef = E4737D661A10C01300A4AB81 /* FCArrivedToSpotView.swift */; };
		E4737D891A10C01300A4AB81 /* FCCollectorRootVC.swift in Sources */ = {isa = PBXBuildFile; fileRef = E4737D681A10C01300A4AB81 /* FCCollectorRootVC.swift */; };
		E4737D8B1A10C01300A4AB81 /* FCDateFunctions.swift in Sources */ = {isa = PBXBuildFile; fileRef = E4737D6A1A10C01300A4AB81 /* FCDateFunctions.swift */; };
		E4737D8C1A10C01300A4AB81 /* FCModel.swift in Sources */ = {isa = PBXBuildFile; fileRef = E4737D6B1A10C01300A4AB81 /* FCModel.swift */; };
		E4737D8D1A10C01300A4AB81 /* FCNavigationHandler.swift in Sources */ = {isa = PBXBuildFile; fileRef = E4737D6C1A10C01300A4AB81 /* FCNavigationHandler.swift */; };
		E4737D931A10C01300A4AB81 /* FCPublication.swift in Sources */ = {isa = PBXBuildFile; fileRef = E4737D721A10C01300A4AB81 /* FCPublication.swift */; };
		E4737D941A10C01300A4AB81 /* FCPublicationAddressPickerVC.swift in Sources */ = {isa = PBXBuildFile; fileRef = E4737D731A10C01300A4AB81 /* FCPublicationAddressPickerVC.swift */; };
		E4737D961A10C01300A4AB81 /* FCPublicationDataInputVC.swift in Sources */ = {isa = PBXBuildFile; fileRef = E4737D751A10C01300A4AB81 /* FCPublicationDataInputVC.swift */; };
		E4737D971A10C01300A4AB81 /* FCPublicationDetailsView.swift in Sources */ = {isa = PBXBuildFile; fileRef = E4737D761A10C01300A4AB81 /* FCPublicationDetailsView.swift */; };
		E4737D991A10C01300A4AB81 /* FCPublicationEditorTVC.swift in Sources */ = {isa = PBXBuildFile; fileRef = E4737D781A10C01300A4AB81 /* FCPublicationEditorTVC.swift */; };
		E4737D9B1A10C01300A4AB81 /* FCPublicationsTableViewController.swift in Sources */ = {isa = PBXBuildFile; fileRef = E4737D7A1A10C01300A4AB81 /* FCPublicationsTableViewController.swift */; };
		E4737D9D1A10C01300A4AB81 /* FCPublishRootVC.swift in Sources */ = {isa = PBXBuildFile; fileRef = E4737D7C1A10C01300A4AB81 /* FCPublishRootVC.swift */; };
		E4737D9E1A10C01300A4AB81 /* FCServerProtocol.swift in Sources */ = {isa = PBXBuildFile; fileRef = E4737D7D1A10C01300A4AB81 /* FCServerProtocol.swift */; };
		E4737D9F1A10C01300A4AB81 /* FCStringFunctions.swift in Sources */ = {isa = PBXBuildFile; fileRef = E4737D7E1A10C01300A4AB81 /* FCStringFunctions.swift */; };
		E4737DA41A10C01300A4AB81 /* FCUserNotificationHandler.swift in Sources */ = {isa = PBXBuildFile; fileRef = E4737D831A10C01300A4AB81 /* FCUserNotificationHandler.swift */; };
		E4737DAD1A10CD5800A4AB81 /* MapKit.framework in Frameworks */ = {isa = PBXBuildFile; fileRef = E4737DAC1A10CD5800A4AB81 /* MapKit.framework */; };
		E4737DAF1A10CD6200A4AB81 /* CoreLocation.framework in Frameworks */ = {isa = PBXBuildFile; fileRef = E4737DAE1A10CD6200A4AB81 /* CoreLocation.framework */; };
		E4737DB11A10E2E600A4AB81 /* FCFoodCollectorWebServer.swift in Sources */ = {isa = PBXBuildFile; fileRef = E4737DB01A10E2E600A4AB81 /* FCFoodCollectorWebServer.swift */; };
		E494DF101A0A980D004A369E /* AppDelegate.swift in Sources */ = {isa = PBXBuildFile; fileRef = E494DF0F1A0A980D004A369E /* AppDelegate.swift */; };
		E494DF151A0A980D004A369E /* Main.storyboard in Resources */ = {isa = PBXBuildFile; fileRef = E494DF131A0A980D004A369E /* Main.storyboard */; };
		E494DF171A0A980D004A369E /* Images.xcassets in Resources */ = {isa = PBXBuildFile; fileRef = E494DF161A0A980D004A369E /* Images.xcassets */; };
		E494DF1A1A0A980D004A369E /* LaunchScreen.xib in Resources */ = {isa = PBXBuildFile; fileRef = E494DF181A0A980D004A369E /* LaunchScreen.xib */; };
		E494DF261A0A980D004A369E /* FoodCollectorTests.swift in Sources */ = {isa = PBXBuildFile; fileRef = E494DF251A0A980D004A369E /* FoodCollectorTests.swift */; };
/* End PBXBuildFile section */

/* Begin PBXContainerItemProxy section */
		E494DF201A0A980D004A369E /* PBXContainerItemProxy */ = {
			isa = PBXContainerItemProxy;
			containerPortal = E494DF021A0A980D004A369E /* Project object */;
			proxyType = 1;
			remoteGlobalIDString = E494DF091A0A980D004A369E;
			remoteInfo = FoodCollector;
		};
/* End PBXContainerItemProxy section */

/* Begin PBXFileReference section */
		E4737D641A10C01300A4AB81 /* FCAlertsHandler.swift */ = {isa = PBXFileReference; fileEncoding = 4; lastKnownFileType = sourcecode.swift; name = FCAlertsHandler.swift; path = ../devSketchFirst/FCAlertsHandler.swift; sourceTree = "<group>"; };
		E4737D651A10C01300A4AB81 /* FCAppDataStoreManager.swift */ = {isa = PBXFileReference; fileEncoding = 4; lastKnownFileType = sourcecode.swift; name = FCAppDataStoreManager.swift; path = ../devSketchFirst/FCAppDataStoreManager.swift; sourceTree = "<group>"; };
		E4737D661A10C01300A4AB81 /* FCArrivedToSpotView.swift */ = {isa = PBXFileReference; fileEncoding = 4; lastKnownFileType = sourcecode.swift; name = FCArrivedToSpotView.swift; path = ../devSketchFirst/FCArrivedToSpotView.swift; sourceTree = "<group>"; };
		E4737D681A10C01300A4AB81 /* FCCollectorRootVC.swift */ = {isa = PBXFileReference; fileEncoding = 4; lastKnownFileType = sourcecode.swift; name = FCCollectorRootVC.swift; path = ../devSketchFirst/FCCollectorRootVC.swift; sourceTree = "<group>"; };
		E4737D6A1A10C01300A4AB81 /* FCDateFunctions.swift */ = {isa = PBXFileReference; fileEncoding = 4; lastKnownFileType = sourcecode.swift; name = FCDateFunctions.swift; path = ../devSketchFirst/FCDateFunctions.swift; sourceTree = "<group>"; };
		E4737D6B1A10C01300A4AB81 /* FCModel.swift */ = {isa = PBXFileReference; fileEncoding = 4; lastKnownFileType = sourcecode.swift; name = FCModel.swift; path = ../devSketchFirst/FCModel.swift; sourceTree = "<group>"; };
		E4737D6C1A10C01300A4AB81 /* FCNavigationHandler.swift */ = {isa = PBXFileReference; fileEncoding = 4; lastKnownFileType = sourcecode.swift; name = FCNavigationHandler.swift; path = ../devSketchFirst/FCNavigationHandler.swift; sourceTree = "<group>"; };
		E4737D721A10C01300A4AB81 /* FCPublication.swift */ = {isa = PBXFileReference; fileEncoding = 4; lastKnownFileType = sourcecode.swift; name = FCPublication.swift; path = ../devSketchFirst/FCPublication.swift; sourceTree = "<group>"; };
		E4737D731A10C01300A4AB81 /* FCPublicationAddressPickerVC.swift */ = {isa = PBXFileReference; fileEncoding = 4; lastKnownFileType = sourcecode.swift; name = FCPublicationAddressPickerVC.swift; path = ../devSketchFirst/FCPublicationAddressPickerVC.swift; sourceTree = "<group>"; };
		E4737D751A10C01300A4AB81 /* FCPublicationDataInputVC.swift */ = {isa = PBXFileReference; fileEncoding = 4; lastKnownFileType = sourcecode.swift; name = FCPublicationDataInputVC.swift; path = ../devSketchFirst/FCPublicationDataInputVC.swift; sourceTree = "<group>"; };
		E4737D761A10C01300A4AB81 /* FCPublicationDetailsView.swift */ = {isa = PBXFileReference; fileEncoding = 4; lastKnownFileType = sourcecode.swift; name = FCPublicationDetailsView.swift; path = ../devSketchFirst/FCPublicationDetailsView.swift; sourceTree = "<group>"; };
		E4737D781A10C01300A4AB81 /* FCPublicationEditorTVC.swift */ = {isa = PBXFileReference; fileEncoding = 4; lastKnownFileType = sourcecode.swift; name = FCPublicationEditorTVC.swift; path = ../devSketchFirst/FCPublicationEditorTVC.swift; sourceTree = "<group>"; };
		E4737D7A1A10C01300A4AB81 /* FCPublicationsTableViewController.swift */ = {isa = PBXFileReference; fileEncoding = 4; lastKnownFileType = sourcecode.swift; name = FCPublicationsTableViewController.swift; path = ../devSketchFirst/FCPublicationsTableViewController.swift; sourceTree = "<group>"; };
		E4737D7C1A10C01300A4AB81 /* FCPublishRootVC.swift */ = {isa = PBXFileReference; fileEncoding = 4; lastKnownFileType = sourcecode.swift; name = FCPublishRootVC.swift; path = ../devSketchFirst/FCPublishRootVC.swift; sourceTree = "<group>"; };
		E4737D7D1A10C01300A4AB81 /* FCServerProtocol.swift */ = {isa = PBXFileReference; fileEncoding = 4; lastKnownFileType = sourcecode.swift; name = FCServerProtocol.swift; path = ../devSketchFirst/FCServerProtocol.swift; sourceTree = "<group>"; };
		E4737D7E1A10C01300A4AB81 /* FCStringFunctions.swift */ = {isa = PBXFileReference; fileEncoding = 4; lastKnownFileType = sourcecode.swift; name = FCStringFunctions.swift; path = ../devSketchFirst/FCStringFunctions.swift; sourceTree = "<group>"; };
		E4737D831A10C01300A4AB81 /* FCUserNotificationHandler.swift */ = {isa = PBXFileReference; fileEncoding = 4; lastKnownFileType = sourcecode.swift; name = FCUserNotificationHandler.swift; path = ../devSketchFirst/FCUserNotificationHandler.swift; sourceTree = "<group>"; };
		E4737DAC1A10CD5800A4AB81 /* MapKit.framework */ = {isa = PBXFileReference; lastKnownFileType = wrapper.framework; name = MapKit.framework; path = System/Library/Frameworks/MapKit.framework; sourceTree = SDKROOT; };
		E4737DAE1A10CD6200A4AB81 /* CoreLocation.framework */ = {isa = PBXFileReference; lastKnownFileType = wrapper.framework; name = CoreLocation.framework; path = System/Library/Frameworks/CoreLocation.framework; sourceTree = SDKROOT; };
		E4737DB01A10E2E600A4AB81 /* FCFoodCollectorWebServer.swift */ = {isa = PBXFileReference; fileEncoding = 4; lastKnownFileType = sourcecode.swift; path = FCFoodCollectorWebServer.swift; sourceTree = "<group>"; };
		E494DF0A1A0A980D004A369E /* FoodCollector.app */ = {isa = PBXFileReference; explicitFileType = wrapper.application; includeInIndex = 0; path = FoodCollector.app; sourceTree = BUILT_PRODUCTS_DIR; };
		E494DF0E1A0A980D004A369E /* Info.plist */ = {isa = PBXFileReference; lastKnownFileType = text.plist.xml; path = Info.plist; sourceTree = "<group>"; };
		E494DF0F1A0A980D004A369E /* AppDelegate.swift */ = {isa = PBXFileReference; lastKnownFileType = sourcecode.swift; path = AppDelegate.swift; sourceTree = "<group>"; };
		E494DF141A0A980D004A369E /* Base */ = {isa = PBXFileReference; lastKnownFileType = file.storyboard; name = Base; path = Base.lproj/Main.storyboard; sourceTree = "<group>"; };
		E494DF161A0A980D004A369E /* Images.xcassets */ = {isa = PBXFileReference; lastKnownFileType = folder.assetcatalog; path = Images.xcassets; sourceTree = "<group>"; };
		E494DF191A0A980D004A369E /* Base */ = {isa = PBXFileReference; lastKnownFileType = file.xib; name = Base; path = Base.lproj/LaunchScreen.xib; sourceTree = "<group>"; };
		E494DF1F1A0A980D004A369E /* FoodCollectorTests.xctest */ = {isa = PBXFileReference; explicitFileType = wrapper.cfbundle; includeInIndex = 0; path = FoodCollectorTests.xctest; sourceTree = BUILT_PRODUCTS_DIR; };
		E494DF241A0A980D004A369E /* Info.plist */ = {isa = PBXFileReference; lastKnownFileType = text.plist.xml; path = Info.plist; sourceTree = "<group>"; };
		E494DF251A0A980D004A369E /* FoodCollectorTests.swift */ = {isa = PBXFileReference; lastKnownFileType = sourcecode.swift; path = FoodCollectorTests.swift; sourceTree = "<group>"; };
/* End PBXFileReference section */

/* Begin PBXFrameworksBuildPhase section */
		E494DF071A0A980D004A369E /* Frameworks */ = {
			isa = PBXFrameworksBuildPhase;
			buildActionMask = 2147483647;
			files = (
				E4737DAF1A10CD6200A4AB81 /* CoreLocation.framework in Frameworks */,
				E4737DAD1A10CD5800A4AB81 /* MapKit.framework in Frameworks */,
			);
			runOnlyForDeploymentPostprocessing = 0;
		};
		E494DF1C1A0A980D004A369E /* Frameworks */ = {
			isa = PBXFrameworksBuildPhase;
			buildActionMask = 2147483647;
			files = (
			);
			runOnlyForDeploymentPostprocessing = 0;
		};
/* End PBXFrameworksBuildPhase section */

/* Begin PBXGroup section */
		E4737DA61A10C1C600A4AB81 /* Model */ = {
			isa = PBXGroup;
			children = (
				E4737D6B1A10C01300A4AB81 /* FCModel.swift */,
				E4737DB01A10E2E600A4AB81 /* FCFoodCollectorWebServer.swift */,
				E4737D721A10C01300A4AB81 /* FCPublication.swift */,
				E4737D7D1A10C01300A4AB81 /* FCServerProtocol.swift */,
				E4737D831A10C01300A4AB81 /* FCUserNotificationHandler.swift */,
				E4737D651A10C01300A4AB81 /* FCAppDataStoreManager.swift */,
			);
			name = Model;
			sourceTree = "<group>";
		};
		E4737DA71A10C1DD00A4AB81 /* UI */ = {
			isa = PBXGroup;
			children = (
				E4737DAB1A10C24A00A4AB81 /* Main */,
				E4737DAA1A10C23200A4AB81 /* Publisher */,
				E4737DA91A10C21C00A4AB81 /* Collector */,
			);
			name = UI;
			sourceTree = "<group>";
		};
		E4737DA81A10C1E700A4AB81 /* Functions */ = {
			isa = PBXGroup;
			children = (
				E4737D6C1A10C01300A4AB81 /* FCNavigationHandler.swift */,
				E4737D7E1A10C01300A4AB81 /* FCStringFunctions.swift */,
				E4737D6A1A10C01300A4AB81 /* FCDateFunctions.swift */,
				E4737D641A10C01300A4AB81 /* FCAlertsHandler.swift */,
			);
			name = Functions;
			sourceTree = "<group>";
		};
		E4737DA91A10C21C00A4AB81 /* Collector */ = {
			isa = PBXGroup;
			children = (
				E4737D761A10C01300A4AB81 /* FCPublicationDetailsView.swift */,
				E4737D7A1A10C01300A4AB81 /* FCPublicationsTableViewController.swift */,
				E4737D681A10C01300A4AB81 /* FCCollectorRootVC.swift */,
				E4737D661A10C01300A4AB81 /* FCArrivedToSpotView.swift */,
			);
			name = Collector;
			sourceTree = "<group>";
		};
		E4737DAA1A10C23200A4AB81 /* Publisher */ = {
			isa = PBXGroup;
			children = (
				E4737D731A10C01300A4AB81 /* FCPublicationAddressPickerVC.swift */,
				E4737D751A10C01300A4AB81 /* FCPublicationDataInputVC.swift */,
				E4737D781A10C01300A4AB81 /* FCPublicationEditorTVC.swift */,
				E4737D7C1A10C01300A4AB81 /* FCPublishRootVC.swift */,
			);
			name = Publisher;
			sourceTree = "<group>";
		};
		E4737DAB1A10C24A00A4AB81 /* Main */ = {
			isa = PBXGroup;
			children = (
				E494DF131A0A980D004A369E /* Main.storyboard */,
				E494DF181A0A980D004A369E /* LaunchScreen.xib */,
			);
			name = Main;
			sourceTree = "<group>";
		};
		E4737DB21A10E81200A4AB81 /* Frameworks */ = {
			isa = PBXGroup;
			children = (
				E4737DAE1A10CD6200A4AB81 /* CoreLocation.framework */,
				E4737DAC1A10CD5800A4AB81 /* MapKit.framework */,
			);
			name = Frameworks;
			sourceTree = "<group>";
		};
		E494DF011A0A980D004A369E = {
			isa = PBXGroup;
			children = (
				E494DF0C1A0A980D004A369E /* FoodCollector */,
				E494DF221A0A980D004A369E /* FoodCollectorTests */,
				E494DF0B1A0A980D004A369E /* Products */,
			);
			sourceTree = "<group>";
		};
		E494DF0B1A0A980D004A369E /* Products */ = {
			isa = PBXGroup;
			children = (
				E494DF0A1A0A980D004A369E /* FoodCollector.app */,
				E494DF1F1A0A980D004A369E /* FoodCollectorTests.xctest */,
			);
			name = Products;
			sourceTree = "<group>";
		};
		E494DF0C1A0A980D004A369E /* FoodCollector */ = {
			isa = PBXGroup;
			children = (
				E494DF0F1A0A980D004A369E /* AppDelegate.swift */,
				E4737DA71A10C1DD00A4AB81 /* UI */,
				E4737DA61A10C1C600A4AB81 /* Model */,
				E4737DA81A10C1E700A4AB81 /* Functions */,
				E4737DB21A10E81200A4AB81 /* Frameworks */,
				E494DF0D1A0A980D004A369E /* Supporting Files */,
			);
			path = FoodCollector;
			sourceTree = "<group>";
		};
		E494DF0D1A0A980D004A369E /* Supporting Files */ = {
			isa = PBXGroup;
			children = (
				E494DF161A0A980D004A369E /* Images.xcassets */,
				E494DF0E1A0A980D004A369E /* Info.plist */,
			);
			name = "Supporting Files";
			sourceTree = "<group>";
		};
		E494DF221A0A980D004A369E /* FoodCollectorTests */ = {
			isa = PBXGroup;
			children = (
				E494DF251A0A980D004A369E /* FoodCollectorTests.swift */,
				E494DF231A0A980D004A369E /* Supporting Files */,
			);
			path = FoodCollectorTests;
			sourceTree = "<group>";
		};
		E494DF231A0A980D004A369E /* Supporting Files */ = {
			isa = PBXGroup;
			children = (
				E494DF241A0A980D004A369E /* Info.plist */,
			);
			name = "Supporting Files";
			sourceTree = "<group>";
		};
/* End PBXGroup section */

/* Begin PBXNativeTarget section */
		E494DF091A0A980D004A369E /* FoodCollector */ = {
			isa = PBXNativeTarget;
			buildConfigurationList = E494DF291A0A980D004A369E /* Build configuration list for PBXNativeTarget "FoodCollector" */;
			buildPhases = (
				E494DF061A0A980D004A369E /* Sources */,
				E494DF071A0A980D004A369E /* Frameworks */,
				E494DF081A0A980D004A369E /* Resources */,
			);
			buildRules = (
			);
			dependencies = (
			);
			name = FoodCollector;
			productName = FoodCollector;
			productReference = E494DF0A1A0A980D004A369E /* FoodCollector.app */;
			productType = "com.apple.product-type.application";
		};
		E494DF1E1A0A980D004A369E /* FoodCollectorTests */ = {
			isa = PBXNativeTarget;
			buildConfigurationList = E494DF2C1A0A980D004A369E /* Build configuration list for PBXNativeTarget "FoodCollectorTests" */;
			buildPhases = (
				E494DF1B1A0A980D004A369E /* Sources */,
				E494DF1C1A0A980D004A369E /* Frameworks */,
				E494DF1D1A0A980D004A369E /* Resources */,
			);
			buildRules = (
			);
			dependencies = (
				E494DF211A0A980D004A369E /* PBXTargetDependency */,
			);
			name = FoodCollectorTests;
			productName = FoodCollectorTests;
			productReference = E494DF1F1A0A980D004A369E /* FoodCollectorTests.xctest */;
			productType = "com.apple.product-type.bundle.unit-test";
		};
/* End PBXNativeTarget section */

/* Begin PBXProject section */
		E494DF021A0A980D004A369E /* Project object */ = {
			isa = PBXProject;
			attributes = {
				LastUpgradeCheck = 0610;
				ORGANIZATIONNAME = "Guy Freeman";
				TargetAttributes = {
					E494DF091A0A980D004A369E = {
						CreatedOnToolsVersion = 6.1;
					};
					E494DF1E1A0A980D004A369E = {
						CreatedOnToolsVersion = 6.1;
						TestTargetID = E494DF091A0A980D004A369E;
					};
				};
			};
			buildConfigurationList = E494DF051A0A980D004A369E /* Build configuration list for PBXProject "FoodCollector" */;
			compatibilityVersion = "Xcode 3.2";
			developmentRegion = English;
			hasScannedForEncodings = 0;
			knownRegions = (
				en,
				Base,
			);
			mainGroup = E494DF011A0A980D004A369E;
			productRefGroup = E494DF0B1A0A980D004A369E /* Products */;
			projectDirPath = "";
			projectRoot = "";
			targets = (
				E494DF091A0A980D004A369E /* FoodCollector */,
				E494DF1E1A0A980D004A369E /* FoodCollectorTests */,
			);
		};
/* End PBXProject section */

/* Begin PBXResourcesBuildPhase section */
		E494DF081A0A980D004A369E /* Resources */ = {
			isa = PBXResourcesBuildPhase;
			buildActionMask = 2147483647;
			files = (
				E494DF151A0A980D004A369E /* Main.storyboard in Resources */,
				E494DF1A1A0A980D004A369E /* LaunchScreen.xib in Resources */,
				E494DF171A0A980D004A369E /* Images.xcassets in Resources */,
			);
			runOnlyForDeploymentPostprocessing = 0;
		};
		E494DF1D1A0A980D004A369E /* Resources */ = {
			isa = PBXResourcesBuildPhase;
			buildActionMask = 2147483647;
			files = (
			);
			runOnlyForDeploymentPostprocessing = 0;
		};
/* End PBXResourcesBuildPhase section */

/* Begin PBXSourcesBuildPhase section */
		E494DF061A0A980D004A369E /* Sources */ = {
			isa = PBXSourcesBuildPhase;
			buildActionMask = 2147483647;
			files = (
				E4737D991A10C01300A4AB81 /* FCPublicationEditorTVC.swift in Sources */,
				E4737D961A10C01300A4AB81 /* FCPublicationDataInputVC.swift in Sources */,
				E4737D8D1A10C01300A4AB81 /* FCNavigationHandler.swift in Sources */,
				E4737D9E1A10C01300A4AB81 /* FCServerProtocol.swift in Sources */,
				E494DF101A0A980D004A369E /* AppDelegate.swift in Sources */,
				E4737D8B1A10C01300A4AB81 /* FCDateFunctions.swift in Sources */,
				E4737D9D1A10C01300A4AB81 /* FCPublishRootVC.swift in Sources */,
				E4737DA41A10C01300A4AB81 /* FCUserNotificationHandler.swift in Sources */,
				E4737D9B1A10C01300A4AB81 /* FCPublicationsTableViewController.swift in Sources */,
				E4737D871A10C01300A4AB81 /* FCArrivedToSpotView.swift in Sources */,
				E4737D861A10C01300A4AB81 /* FCAppDataStoreManager.swift in Sources */,
				E4737D941A10C01300A4AB81 /* FCPublicationAddressPickerVC.swift in Sources */,
				E4737D931A10C01300A4AB81 /* FCPublication.swift in Sources */,
				E4737D891A10C01300A4AB81 /* FCCollectorRootVC.swift in Sources */,
				E4737D971A10C01300A4AB81 /* FCPublicationDetailsView.swift in Sources */,
				E4737DB11A10E2E600A4AB81 /* FCFoodCollectorWebServer.swift in Sources */,
				E4737D8C1A10C01300A4AB81 /* FCModel.swift in Sources */,
				E4737D9F1A10C01300A4AB81 /* FCStringFunctions.swift in Sources */,
				E4737D851A10C01300A4AB81 /* FCAlertsHandler.swift in Sources */,
			);
			runOnlyForDeploymentPostprocessing = 0;
		};
		E494DF1B1A0A980D004A369E /* Sources */ = {
			isa = PBXSourcesBuildPhase;
			buildActionMask = 2147483647;
			files = (
				E494DF261A0A980D004A369E /* FoodCollectorTests.swift in Sources */,
			);
			runOnlyForDeploymentPostprocessing = 0;
		};
/* End PBXSourcesBuildPhase section */

/* Begin PBXTargetDependency section */
		E494DF211A0A980D004A369E /* PBXTargetDependency */ = {
			isa = PBXTargetDependency;
			target = E494DF091A0A980D004A369E /* FoodCollector */;
			targetProxy = E494DF201A0A980D004A369E /* PBXContainerItemProxy */;
		};
/* End PBXTargetDependency section */

/* Begin PBXVariantGroup section */
		E494DF131A0A980D004A369E /* Main.storyboard */ = {
			isa = PBXVariantGroup;
			children = (
				E494DF141A0A980D004A369E /* Base */,
			);
			name = Main.storyboard;
			sourceTree = "<group>";
		};
		E494DF181A0A980D004A369E /* LaunchScreen.xib */ = {
			isa = PBXVariantGroup;
			children = (
				E494DF191A0A980D004A369E /* Base */,
			);
			name = LaunchScreen.xib;
			sourceTree = "<group>";
		};
/* End PBXVariantGroup section */

/* Begin XCBuildConfiguration section */
		E494DF271A0A980D004A369E /* Debug */ = {
			isa = XCBuildConfiguration;
			buildSettings = {
				ALWAYS_SEARCH_USER_PATHS = NO;
				CLANG_CXX_LANGUAGE_STANDARD = "gnu++0x";
				CLANG_CXX_LIBRARY = "libc++";
				CLANG_ENABLE_MODULES = YES;
				CLANG_ENABLE_OBJC_ARC = YES;
				CLANG_WARN_BOOL_CONVERSION = YES;
				CLANG_WARN_CONSTANT_CONVERSION = YES;
				CLANG_WARN_DIRECT_OBJC_ISA_USAGE = YES_ERROR;
				CLANG_WARN_EMPTY_BODY = YES;
				CLANG_WARN_ENUM_CONVERSION = YES;
				CLANG_WARN_INT_CONVERSION = YES;
				CLANG_WARN_OBJC_ROOT_CLASS = YES_ERROR;
				CLANG_WARN_UNREACHABLE_CODE = YES;
				CLANG_WARN__DUPLICATE_METHOD_MATCH = YES;
				"CODE_SIGN_IDENTITY[sdk=iphoneos*]" = "iPhone Developer";
				COPY_PHASE_STRIP = NO;
				ENABLE_STRICT_OBJC_MSGSEND = YES;
				GCC_C_LANGUAGE_STANDARD = gnu99;
				GCC_DYNAMIC_NO_PIC = NO;
				GCC_OPTIMIZATION_LEVEL = 0;
				GCC_PREPROCESSOR_DEFINITIONS = (
					"DEBUG=1",
					"$(inherited)",
				);
				GCC_SYMBOLS_PRIVATE_EXTERN = NO;
				GCC_WARN_64_TO_32_BIT_CONVERSION = YES;
				GCC_WARN_ABOUT_RETURN_TYPE = YES_ERROR;
				GCC_WARN_UNDECLARED_SELECTOR = YES;
				GCC_WARN_UNINITIALIZED_AUTOS = YES_AGGRESSIVE;
				GCC_WARN_UNUSED_FUNCTION = YES;
				GCC_WARN_UNUSED_VARIABLE = YES;
				IPHONEOS_DEPLOYMENT_TARGET = 8.1;
				MTL_ENABLE_DEBUG_INFO = YES;
				ONLY_ACTIVE_ARCH = YES;
				SDKROOT = iphoneos;
				SWIFT_OPTIMIZATION_LEVEL = "-Onone";
			};
			name = Debug;
		};
		E494DF281A0A980D004A369E /* Release */ = {
			isa = XCBuildConfiguration;
			buildSettings = {
				ALWAYS_SEARCH_USER_PATHS = NO;
				CLANG_CXX_LANGUAGE_STANDARD = "gnu++0x";
				CLANG_CXX_LIBRARY = "libc++";
				CLANG_ENABLE_MODULES = YES;
				CLANG_ENABLE_OBJC_ARC = YES;
				CLANG_WARN_BOOL_CONVERSION = YES;
				CLANG_WARN_CONSTANT_CONVERSION = YES;
				CLANG_WARN_DIRECT_OBJC_ISA_USAGE = YES_ERROR;
				CLANG_WARN_EMPTY_BODY = YES;
				CLANG_WARN_ENUM_CONVERSION = YES;
				CLANG_WARN_INT_CONVERSION = YES;
				CLANG_WARN_OBJC_ROOT_CLASS = YES_ERROR;
				CLANG_WARN_UNREACHABLE_CODE = YES;
				CLANG_WARN__DUPLICATE_METHOD_MATCH = YES;
				"CODE_SIGN_IDENTITY[sdk=iphoneos*]" = "iPhone Developer";
				COPY_PHASE_STRIP = YES;
				ENABLE_NS_ASSERTIONS = NO;
				ENABLE_STRICT_OBJC_MSGSEND = YES;
				GCC_C_LANGUAGE_STANDARD = gnu99;
				GCC_WARN_64_TO_32_BIT_CONVERSION = YES;
				GCC_WARN_ABOUT_RETURN_TYPE = YES_ERROR;
				GCC_WARN_UNDECLARED_SELECTOR = YES;
				GCC_WARN_UNINITIALIZED_AUTOS = YES_AGGRESSIVE;
				GCC_WARN_UNUSED_FUNCTION = YES;
				GCC_WARN_UNUSED_VARIABLE = YES;
				IPHONEOS_DEPLOYMENT_TARGET = 8.1;
				MTL_ENABLE_DEBUG_INFO = NO;
				SDKROOT = iphoneos;
				VALIDATE_PRODUCT = YES;
			};
			name = Release;
		};
		E494DF2A1A0A980D004A369E /* Debug */ = {
			isa = XCBuildConfiguration;
			buildSettings = {
				ASSETCATALOG_COMPILER_APPICON_NAME = AppIcon;
				INFOPLIST_FILE = FoodCollector/Info.plist;
				LD_RUNPATH_SEARCH_PATHS = "$(inherited) @executable_path/Frameworks";
				PRODUCT_NAME = "$(TARGET_NAME)";
			};
			name = Debug;
		};
		E494DF2B1A0A980D004A369E /* Release */ = {
			isa = XCBuildConfiguration;
			buildSettings = {
				ASSETCATALOG_COMPILER_APPICON_NAME = AppIcon;
				INFOPLIST_FILE = FoodCollector/Info.plist;
				LD_RUNPATH_SEARCH_PATHS = "$(inherited) @executable_path/Frameworks";
				PRODUCT_NAME = "$(TARGET_NAME)";
			};
			name = Release;
		};
		E494DF2D1A0A980D004A369E /* Debug */ = {
			isa = XCBuildConfiguration;
			buildSettings = {
				BUNDLE_LOADER = "$(TEST_HOST)";
				FRAMEWORK_SEARCH_PATHS = (
					"$(SDKROOT)/Developer/Library/Frameworks",
					"$(inherited)",
				);
				GCC_PREPROCESSOR_DEFINITIONS = (
					"DEBUG=1",
					"$(inherited)",
				);
				INFOPLIST_FILE = FoodCollectorTests/Info.plist;
				LD_RUNPATH_SEARCH_PATHS = "$(inherited) @executable_path/Frameworks @loader_path/Frameworks";
				PRODUCT_NAME = "$(TARGET_NAME)";
				TEST_HOST = "$(BUILT_PRODUCTS_DIR)/FoodCollector.app/FoodCollector";
			};
			name = Debug;
		};
		E494DF2E1A0A980D004A369E /* Release */ = {
			isa = XCBuildConfiguration;
			buildSettings = {
				BUNDLE_LOADER = "$(TEST_HOST)";
				FRAMEWORK_SEARCH_PATHS = (
					"$(SDKROOT)/Developer/Library/Frameworks",
					"$(inherited)",
				);
				INFOPLIST_FILE = FoodCollectorTests/Info.plist;
				LD_RUNPATH_SEARCH_PATHS = "$(inherited) @executable_path/Frameworks @loader_path/Frameworks";
				PRODUCT_NAME = "$(TARGET_NAME)";
				TEST_HOST = "$(BUILT_PRODUCTS_DIR)/FoodCollector.app/FoodCollector";
			};
			name = Release;
		};
/* End XCBuildConfiguration section */

/* Begin XCConfigurationList section */
		E494DF051A0A980D004A369E /* Build configuration list for PBXProject "FoodCollector" */ = {
			isa = XCConfigurationList;
			buildConfigurations = (
				E494DF271A0A980D004A369E /* Debug */,
				E494DF281A0A980D004A369E /* Release */,
			);
			defaultConfigurationIsVisible = 0;
			defaultConfigurationName = Release;
		};
		E494DF291A0A980D004A369E /* Build configuration list for PBXNativeTarget "FoodCollector" */ = {
			isa = XCConfigurationList;
			buildConfigurations = (
				E494DF2A1A0A980D004A369E /* Debug */,
				E494DF2B1A0A980D004A369E /* Release */,
			);
			defaultConfigurationIsVisible = 0;
			defaultConfigurationName = Release;
		};
		E494DF2C1A0A980D004A369E /* Build configuration list for PBXNativeTarget "FoodCollectorTests" */ = {
			isa = XCConfigurationList;
			buildConfigurations = (
				E494DF2D1A0A980D004A369E /* Debug */,
				E494DF2E1A0A980D004A369E /* Release */,
			);
			defaultConfigurationIsVisible = 0;
			defaultConfigurationName = Release;
		};
/* End XCConfigurationList section */
	};
	rootObject = E494DF021A0A980D004A369E /* Project object */;
}
